// !$*UTF8*$!
{
	archiveVersion = 1;
	classes = {
	};
	objectVersion = 46;
	objects = {

/* Begin PBXBuildFile section */
		08931D7C18ED5495006C9842 /* Foundation.framework in Frameworks */ = {isa = PBXBuildFile; fileRef = 08931D7B18ED5495006C9842 /* Foundation.framework */; };
		08931D7E18ED5495006C9842 /* CoreGraphics.framework in Frameworks */ = {isa = PBXBuildFile; fileRef = 08931D7D18ED5495006C9842 /* CoreGraphics.framework */; };
		08931D8018ED5495006C9842 /* UIKit.framework in Frameworks */ = {isa = PBXBuildFile; fileRef = 08931D7F18ED5495006C9842 /* UIKit.framework */; };
		08931D8618ED5495006C9842 /* InfoPlist.strings in Resources */ = {isa = PBXBuildFile; fileRef = 08931D8418ED5495006C9842 /* InfoPlist.strings */; };
		08931D8818ED5495006C9842 /* main.m in Sources */ = {isa = PBXBuildFile; fileRef = 08931D8718ED5495006C9842 /* main.m */; };
		08931D8C18ED5495006C9842 /* MJAppDelegate.m in Sources */ = {isa = PBXBuildFile; fileRef = 08931D8B18ED5495006C9842 /* MJAppDelegate.m */; };
		08931D8F18ED5495006C9842 /* Main.storyboard in Resources */ = {isa = PBXBuildFile; fileRef = 08931D8D18ED5495006C9842 /* Main.storyboard */; };
		08931D9218ED5495006C9842 /* MJViewController.m in Sources */ = {isa = PBXBuildFile; fileRef = 08931D9118ED5495006C9842 /* MJViewController.m */; };
		08931D9418ED5495006C9842 /* Images.xcassets in Resources */ = {isa = PBXBuildFile; fileRef = 08931D9318ED5495006C9842 /* Images.xcassets */; };
		08931D9B18ED5495006C9842 /* XCTest.framework in Frameworks */ = {isa = PBXBuildFile; fileRef = 08931D9A18ED5495006C9842 /* XCTest.framework */; };
		08931D9C18ED5495006C9842 /* Foundation.framework in Frameworks */ = {isa = PBXBuildFile; fileRef = 08931D7B18ED5495006C9842 /* Foundation.framework */; };
		08931D9D18ED5495006C9842 /* UIKit.framework in Frameworks */ = {isa = PBXBuildFile; fileRef = 08931D7F18ED5495006C9842 /* UIKit.framework */; };
		08931DA518ED5495006C9842 /* InfoPlist.strings in Resources */ = {isa = PBXBuildFile; fileRef = 08931DA318ED5495006C9842 /* InfoPlist.strings */; };
		08931DA718ED5495006C9842 /* _8_plist__Tests.m in Sources */ = {isa = PBXBuildFile; fileRef = 08931DA618ED5495006C9842 /* _8_plist__Tests.m */; };
/* End PBXBuildFile section */

/* Begin PBXContainerItemProxy section */
		08931D9E18ED5495006C9842 /* PBXContainerItemProxy */ = {
			isa = PBXContainerItemProxy;
			containerPortal = 08931D7018ED5495006C9842 /* Project object */;
			proxyType = 1;
			remoteGlobalIDString = 08931D7718ED5495006C9842;
			remoteInfo = "08-plist处理";
		};
/* End PBXContainerItemProxy section */

/* Begin PBXFileReference section */
		08931D7818ED5495006C9842 /* 08-plist处理.app */ = {isa = PBXFileReference; explicitFileType = wrapper.application; includeInIndex = 0; path = "08-plist处理.app"; sourceTree = BUILT_PRODUCTS_DIR; };
		08931D7B18ED5495006C9842 /* Foundation.framework */ = {isa = PBXFileReference; lastKnownFileType = wrapper.framework; name = Foundation.framework; path = System/Library/Frameworks/Foundation.framework; sourceTree = SDKROOT; };
		08931D7D18ED5495006C9842 /* CoreGraphics.framework */ = {isa = PBXFileReference; lastKnownFileType = wrapper.framework; name = CoreGraphics.framework; path = System/Library/Frameworks/CoreGraphics.framework; sourceTree = SDKROOT; };
		08931D7F18ED5495006C9842 /* UIKit.framework */ = {isa = PBXFileReference; lastKnownFileType = wrapper.framework; name = UIKit.framework; path = System/Library/Frameworks/UIKit.framework; sourceTree = SDKROOT; };
		08931D8318ED5495006C9842 /* 08-plist处理-Info.plist */ = {isa = PBXFileReference; lastKnownFileType = text.plist.xml; path = "08-plist处理-Info.plist"; sourceTree = "<group>"; };
		08931D8518ED5495006C9842 /* en */ = {isa = PBXFileReference; lastKnownFileType = text.plist.strings; name = en; path = en.lproj/InfoPlist.strings; sourceTree = "<group>"; };
		08931D8718ED5495006C9842 /* main.m */ = {isa = PBXFileReference; lastKnownFileType = sourcecode.c.objc; path = main.m; sourceTree = "<group>"; };
		08931D8918ED5495006C9842 /* 08-plist处理-Prefix.pch */ = {isa = PBXFileReference; lastKnownFileType = sourcecode.c.h; path = "08-plist处理-Prefix.pch"; sourceTree = "<group>"; };
		08931D8A18ED5495006C9842 /* MJAppDelegate.h */ = {isa = PBXFileReference; lastKnownFileType = sourcecode.c.h; path = MJAppDelegate.h; sourceTree = "<group>"; };
		08931D8B18ED5495006C9842 /* MJAppDelegate.m */ = {isa = PBXFileReference; lastKnownFileType = sourcecode.c.objc; path = MJAppDelegate.m; sourceTree = "<group>"; };
		08931D8E18ED5495006C9842 /* Base */ = {isa = PBXFileReference; lastKnownFileType = file.storyboard; name = Base; path = Base.lproj/Main.storyboard; sourceTree = "<group>"; };
		08931D9018ED5495006C9842 /* MJViewController.h */ = {isa = PBXFileReference; lastKnownFileType = sourcecode.c.h; path = MJViewController.h; sourceTree = "<group>"; };
		08931D9118ED5495006C9842 /* MJViewController.m */ = {isa = PBXFileReference; lastKnownFileType = sourcecode.c.objc; path = MJViewController.m; sourceTree = "<group>"; };
		08931D9318ED5495006C9842 /* Images.xcassets */ = {isa = PBXFileReference; lastKnownFileType = folder.assetcatalog; path = Images.xcassets; sourceTree = "<group>"; };
		08931D9918ED5495006C9842 /* 08-plist处理Tests.xctest */ = {isa = PBXFileReference; explicitFileType = wrapper.cfbundle; includeInIndex = 0; path = "08-plist处理Tests.xctest"; sourceTree = BUILT_PRODUCTS_DIR; };
		08931D9A18ED5495006C9842 /* XCTest.framework */ = {isa = PBXFileReference; lastKnownFileType = wrapper.framework; name = XCTest.framework; path = Library/Frameworks/XCTest.framework; sourceTree = DEVELOPER_DIR; };
		08931DA218ED5495006C9842 /* 08-plist处理Tests-Info.plist */ = {isa = PBXFileReference; lastKnownFileType = text.plist.xml; path = "08-plist处理Tests-Info.plist"; sourceTree = "<group>"; };
		08931DA418ED5495006C9842 /* en */ = {isa = PBXFileReference; lastKnownFileType = text.plist.strings; name = en; path = en.lproj/InfoPlist.strings; sourceTree = "<group>"; };
		08931DA618ED5495006C9842 /* _8_plist__Tests.m */ = {isa = PBXFileReference; lastKnownFileType = sourcecode.c.objc; path = _8_plist__Tests.m; sourceTree = "<group>"; };
/* End PBXFileReference section */

/* Begin PBXFrameworksBuildPhase section */
		08931D7518ED5495006C9842 /* Frameworks */ = {
			isa = PBXFrameworksBuildPhase;
			buildActionMask = 2147483647;
			files = (
				08931D7E18ED5495006C9842 /* CoreGraphics.framework in Frameworks */,
				08931D8018ED5495006C9842 /* UIKit.framework in Frameworks */,
				08931D7C18ED5495006C9842 /* Foundation.framework in Frameworks */,
			);
			runOnlyForDeploymentPostprocessing = 0;
		};
		08931D9618ED5495006C9842 /* Frameworks */ = {
			isa = PBXFrameworksBuildPhase;
			buildActionMask = 2147483647;
			files = (
				08931D9B18ED5495006C9842 /* XCTest.framework in Frameworks */,
				08931D9D18ED5495006C9842 /* UIKit.framework in Frameworks */,
				08931D9C18ED5495006C9842 /* Foundation.framework in Frameworks */,
			);
			runOnlyForDeploymentPostprocessing = 0;
		};
/* End PBXFrameworksBuildPhase section */

/* Begin PBXGroup section */
		08931D6F18ED5495006C9842 = {
			isa = PBXGroup;
			children = (
				08931D8118ED5495006C9842 /* 08-plist处理 */,
				08931DA018ED5495006C9842 /* 08-plist处理Tests */,
				08931D7A18ED5495006C9842 /* Frameworks */,
				08931D7918ED5495006C9842 /* Products */,
			);
			sourceTree = "<group>";
		};
		08931D7918ED5495006C9842 /* Products */ = {
			isa = PBXGroup;
			children = (
				08931D7818ED5495006C9842 /* 08-plist处理.app */,
				08931D9918ED5495006C9842 /* 08-plist处理Tests.xctest */,
			);
			name = Products;
			sourceTree = "<group>";
		};
		08931D7A18ED5495006C9842 /* Frameworks */ = {
			isa = PBXGroup;
			children = (
				08931D7B18ED5495006C9842 /* Foundation.framework */,
				08931D7D18ED5495006C9842 /* CoreGraphics.framework */,
				08931D7F18ED5495006C9842 /* UIKit.framework */,
				08931D9A18ED5495006C9842 /* XCTest.framework */,
			);
			name = Frameworks;
			sourceTree = "<group>";
		};
		08931D8118ED5495006C9842 /* 08-plist处理 */ = {
			isa = PBXGroup;
			children = (
				08931D8A18ED5495006C9842 /* MJAppDelegate.h */,
				08931D8B18ED5495006C9842 /* MJAppDelegate.m */,
				08931D8D18ED5495006C9842 /* Main.storyboard */,
				08931D9018ED5495006C9842 /* MJViewController.h */,
				08931D9118ED5495006C9842 /* MJViewController.m */,
				08931D9318ED5495006C9842 /* Images.xcassets */,
				08931D8218ED5495006C9842 /* Supporting Files */,
			);
			path = "08-plist处理";
			sourceTree = "<group>";
		};
		08931D8218ED5495006C9842 /* Supporting Files */ = {
			isa = PBXGroup;
			children = (
				08931D8318ED5495006C9842 /* 08-plist处理-Info.plist */,
				08931D8418ED5495006C9842 /* InfoPlist.strings */,
				08931D8718ED5495006C9842 /* main.m */,
				08931D8918ED5495006C9842 /* 08-plist处理-Prefix.pch */,
			);
			name = "Supporting Files";
			sourceTree = "<group>";
		};
		08931DA018ED5495006C9842 /* 08-plist处理Tests */ = {
			isa = PBXGroup;
			children = (
				08931DA618ED5495006C9842 /* _8_plist__Tests.m */,
				08931DA118ED5495006C9842 /* Supporting Files */,
			);
			path = "08-plist处理Tests";
			sourceTree = "<group>";
		};
		08931DA118ED5495006C9842 /* Supporting Files */ = {
			isa = PBXGroup;
			children = (
				08931DA218ED5495006C9842 /* 08-plist处理Tests-Info.plist */,
				08931DA318ED5495006C9842 /* InfoPlist.strings */,
			);
			name = "Supporting Files";
			sourceTree = "<group>";
		};
/* End PBXGroup section */

/* Begin PBXNativeTarget section */
		08931D7718ED5495006C9842 /* 08-plist处理 */ = {
			isa = PBXNativeTarget;
			buildConfigurationList = 08931DAA18ED5495006C9842 /* Build configuration list for PBXNativeTarget "08-plist处理" */;
			buildPhases = (
				08931D7418ED5495006C9842 /* Sources */,
				08931D7518ED5495006C9842 /* Frameworks */,
				08931D7618ED5495006C9842 /* Resources */,
			);
			buildRules = (
			);
			dependencies = (
			);
			name = "08-plist处理";
			productName = "08-plist处理";
			productReference = 08931D7818ED5495006C9842 /* 08-plist处理.app */;
			productType = "com.apple.product-type.application";
		};
		08931D9818ED5495006C9842 /* 08-plist处理Tests */ = {
			isa = PBXNativeTarget;
			buildConfigurationList = 08931DAD18ED5495006C9842 /* Build configuration list for PBXNativeTarget "08-plist处理Tests" */;
			buildPhases = (
				08931D9518ED5495006C9842 /* Sources */,
				08931D9618ED5495006C9842 /* Frameworks */,
				08931D9718ED5495006C9842 /* Resources */,
			);
			buildRules = (
			);
			dependencies = (
				08931D9F18ED5495006C9842 /* PBXTargetDependency */,
			);
			name = "08-plist处理Tests";
			productName = "08-plist处理Tests";
			productReference = 08931D9918ED5495006C9842 /* 08-plist处理Tests.xctest */;
			productType = "com.apple.product-type.bundle.unit-test";
		};
/* End PBXNativeTarget section */

/* Begin PBXProject section */
		08931D7018ED5495006C9842 /* Project object */ = {
			isa = PBXProject;
			attributes = {
				CLASSPREFIX = MJ;
				LastUpgradeCheck = 0510;
				ORGANIZATIONNAME = itcast;
				TargetAttributes = {
					08931D9818ED5495006C9842 = {
						TestTargetID = 08931D7718ED5495006C9842;
					};
				};
			};
			buildConfigurationList = 08931D7318ED5495006C9842 /* Build configuration list for PBXProject "08-plist处理" */;
			compatibilityVersion = "Xcode 3.2";
			developmentRegion = English;
			hasScannedForEncodings = 0;
			knownRegions = (
				en,
				Base,
			);
			mainGroup = 08931D6F18ED5495006C9842;
			productRefGroup = 08931D7918ED5495006C9842 /* Products */;
			projectDirPath = "";
			projectRoot = "";
			targets = (
				08931D7718ED5495006C9842 /* 08-plist处理 */,
				08931D9818ED5495006C9842 /* 08-plist处理Tests */,
			);
		};
/* End PBXProject section */

/* Begin PBXResourcesBuildPhase section */
		08931D7618ED5495006C9842 /* Resources */ = {
			isa = PBXResourcesBuildPhase;
			buildActionMask = 2147483647;
			files = (
				08931D9418ED5495006C9842 /* Images.xcassets in Resources */,
				08931D8618ED5495006C9842 /* InfoPlist.strings in Resources */,
				08931D8F18ED5495006C9842 /* Main.storyboard in Resources */,
			);
			runOnlyForDeploymentPostprocessing = 0;
		};
		08931D9718ED5495006C9842 /* Resources */ = {
			isa = PBXResourcesBuildPhase;
			buildActionMask = 2147483647;
			files = (
				08931DA518ED5495006C9842 /* InfoPlist.strings in Resources */,
			);
			runOnlyForDeploymentPostprocessing = 0;
		};
/* End PBXResourcesBuildPhase section */

/* Begin PBXSourcesBuildPhase section */
		08931D7418ED5495006C9842 /* Sources */ = {
			isa = PBXSourcesBuildPhase;
			buildActionMask = 2147483647;
			files = (
				08931D8818ED5495006C9842 /* main.m in Sources */,
				08931D9218ED5495006C9842 /* MJViewController.m in Sources */,
				08931D8C18ED5495006C9842 /* MJAppDelegate.m in Sources */,
			);
			runOnlyForDeploymentPostprocessing = 0;
		};
		08931D9518ED5495006C9842 /* Sources */ = {
			isa = PBXSourcesBuildPhase;
			buildActionMask = 2147483647;
			files = (
				08931DA718ED5495006C9842 /* _8_plist__Tests.m in Sources */,
			);
			runOnlyForDeploymentPostprocessing = 0;
		};
/* End PBXSourcesBuildPhase section */

/* Begin PBXTargetDependency section */
		08931D9F18ED5495006C9842 /* PBXTargetDependency */ = {
			isa = PBXTargetDependency;
			target = 08931D7718ED5495006C9842 /* 08-plist处理 */;
			targetProxy = 08931D9E18ED5495006C9842 /* PBXContainerItemProxy */;
		};
/* End PBXTargetDependency section */

/* Begin PBXVariantGroup section */
		08931D8418ED5495006C9842 /* InfoPlist.strings */ = {
			isa = PBXVariantGroup;
			children = (
				08931D8518ED5495006C9842 /* en */,
			);
			name = InfoPlist.strings;
			sourceTree = "<group>";
		};
		08931D8D18ED5495006C9842 /* Main.storyboard */ = {
			isa = PBXVariantGroup;
			children = (
				08931D8E18ED5495006C9842 /* Base */,
			);
			name = Main.storyboard;
			sourceTree = "<group>";
		};
		08931DA318ED5495006C9842 /* InfoPlist.strings */ = {
			isa = PBXVariantGroup;
			children = (
				08931DA418ED5495006C9842 /* en */,
			);
			name = InfoPlist.strings;
			sourceTree = "<group>";
		};
/* End PBXVariantGroup section */

/* Begin XCBuildConfiguration section */
		08931DA818ED5495006C9842 /* Debug */ = {
			isa = XCBuildConfiguration;
			buildSettings = {
				ALWAYS_SEARCH_USER_PATHS = NO;
				CLANG_CXX_LANGUAGE_STANDARD = "gnu++0x";
				CLANG_CXX_LIBRARY = "libc++";
				CLANG_ENABLE_MODULES = YES;
				CLANG_ENABLE_OBJC_ARC = YES;
				CLANG_WARN_BOOL_CONVERSION = YES;
				CLANG_WARN_CONSTANT_CONVERSION = YES;
				CLANG_WARN_DIRECT_OBJC_ISA_USAGE = YES_ERROR;
				CLANG_WARN_EMPTY_BODY = YES;
				CLANG_WARN_ENUM_CONVERSION = YES;
				CLANG_WARN_INT_CONVERSION = YES;
				CLANG_WARN_OBJC_ROOT_CLASS = YES_ERROR;
				CLANG_WARN__DUPLICATE_METHOD_MATCH = YES;
				"CODE_SIGN_IDENTITY[sdk=iphoneos*]" = "iPhone Developer";
				COPY_PHASE_STRIP = NO;
				GCC_C_LANGUAGE_STANDARD = gnu99;
				GCC_DYNAMIC_NO_PIC = NO;
				GCC_OPTIMIZATION_LEVEL = 0;
				GCC_PREPROCESSOR_DEFINITIONS = (
					"DEBUG=1",
					"$(inherited)",
				);
				GCC_SYMBOLS_PRIVATE_EXTERN = NO;
				GCC_WARN_64_TO_32_BIT_CONVERSION = YES;
				GCC_WARN_ABOUT_RETURN_TYPE = YES_ERROR;
				GCC_WARN_UNDECLARED_SELECTOR = YES;
				GCC_WARN_UNINITIALIZED_AUTOS = YES_AGGRESSIVE;
				GCC_WARN_UNUSED_FUNCTION = YES;
				GCC_WARN_UNUSED_VARIABLE = YES;
				IPHONEOS_DEPLOYMENT_TARGET = 7.1;
				ONLY_ACTIVE_ARCH = YES;
				SDKROOT = iphoneos;
			};
			name = Debug;
		};
		08931DA918ED5495006C9842 /* Release */ = {
			isa = XCBuildConfiguration;
			buildSettings = {
				ALWAYS_SEARCH_USER_PATHS = NO;
				CLANG_CXX_LANGUAGE_STANDARD = "gnu++0x";
				CLANG_CXX_LIBRARY = "libc++";
				CLANG_ENABLE_MODULES = YES;
				CLANG_ENABLE_OBJC_ARC = YES;
				CLANG_WARN_BOOL_CONVERSION = YES;
				CLANG_WARN_CONSTANT_CONVERSION = YES;
				CLANG_WARN_DIRECT_OBJC_ISA_USAGE = YES_ERROR;
				CLANG_WARN_EMPTY_BODY = YES;
				CLANG_WARN_ENUM_CONVERSION = YES;
				CLANG_WARN_INT_CONVERSION = YES;
				CLANG_WARN_OBJC_ROOT_CLASS = YES_ERROR;
				CLANG_WARN__DUPLICATE_METHOD_MATCH = YES;
				"CODE_SIGN_IDENTITY[sdk=iphoneos*]" = "iPhone Developer";
				COPY_PHASE_STRIP = YES;
				ENABLE_NS_ASSERTIONS = NO;
				GCC_C_LANGUAGE_STANDARD = gnu99;
				GCC_WARN_64_TO_32_BIT_CONVERSION = YES;
				GCC_WARN_ABOUT_RETURN_TYPE = YES_ERROR;
				GCC_WARN_UNDECLARED_SELECTOR = YES;
				GCC_WARN_UNINITIALIZED_AUTOS = YES_AGGRESSIVE;
				GCC_WARN_UNUSED_FUNCTION = YES;
				GCC_WARN_UNUSED_VARIABLE = YES;
				IPHONEOS_DEPLOYMENT_TARGET = 7.1;
				SDKROOT = iphoneos;
				VALIDATE_PRODUCT = YES;
			};
			name = Release;
		};
		08931DAB18ED5495006C9842 /* Debug */ = {
			isa = XCBuildConfiguration;
			buildSettings = {
				ASSETCATALOG_COMPILER_APPICON_NAME = AppIcon;
				ASSETCATALOG_COMPILER_LAUNCHIMAGE_NAME = LaunchImage;
				GCC_PRECOMPILE_PREFIX_HEADER = YES;
				GCC_PREFIX_HEADER = "08-plist处理/08-plist处理-Prefix.pch";
				INFOPLIST_FILE = "08-plist处理/08-plist处理-Info.plist";
				PRODUCT_NAME = "$(TARGET_NAME)";
				WRAPPER_EXTENSION = app;
			};
			name = Debug;
		};
		08931DAC18ED5495006C9842 /* Release */ = {
			isa = XCBuildConfiguration;
			buildSettings = {
				ASSETCATALOG_COMPILER_APPICON_NAME = AppIcon;
				ASSETCATALOG_COMPILER_LAUNCHIMAGE_NAME = LaunchImage;
				GCC_PRECOMPILE_PREFIX_HEADER = YES;
				GCC_PREFIX_HEADER = "08-plist处理/08-plist处理-Prefix.pch";
				INFOPLIST_FILE = "08-plist处理/08-plist处理-Info.plist";
				PRODUCT_NAME = "$(TARGET_NAME)";
				WRAPPER_EXTENSION = app;
			};
			name = Release;
		};
		08931DAE18ED5495006C9842 /* Debug */ = {
			isa = XCBuildConfiguration;
			buildSettings = {
				BUNDLE_LOADER = "$(BUILT_PRODUCTS_DIR)/08-plist处理.app/08-plist处理";
				FRAMEWORK_SEARCH_PATHS = (
					"$(SDKROOT)/Developer/Library/Frameworks",
					"$(inherited)",
					"$(DEVELOPER_FRAMEWORKS_DIR)",
				);
				GCC_PRECOMPILE_PREFIX_HEADER = YES;
				GCC_PREFIX_HEADER = "08-plist处理/08-plist处理-Prefix.pch";
				GCC_PREPROCESSOR_DEFINITIONS = (
					"DEBUG=1",
					"$(inherited)",
				);
				INFOPLIST_FILE = "08-plist处理Tests/08-plist处理Tests-Info.plist";
				PRODUCT_NAME = "$(TARGET_NAME)";
				TEST_HOST = "$(BUNDLE_LOADER)";
				WRAPPER_EXTENSION = xctest;
			};
			name = Debug;
		};
		08931DAF18ED5495006C9842 /* Release */ = {
			isa = XCBuildConfiguration;
			buildSettings = {
				BUNDLE_LOADER = "$(BUILT_PRODUCTS_DIR)/08-plist处理.app/08-plist处理";
				FRAMEWORK_SEARCH_PATHS = (
					"$(SDKROOT)/Developer/Library/Frameworks",
					"$(inherited)",
					"$(DEVELOPER_FRAMEWORKS_DIR)",
				);
				GCC_PRECOMPILE_PREFIX_HEADER = YES;
				GCC_PREFIX_HEADER = "08-plist处理/08-plist处理-Prefix.pch";
				INFOPLIST_FILE = "08-plist处理Tests/08-plist处理Tests-Info.plist";
				PRODUCT_NAME = "$(TARGET_NAME)";
				TEST_HOST = "$(BUNDLE_LOADER)";
				WRAPPER_EXTENSION = xctest;
			};
			name = Release;
		};
/* End XCBuildConfiguration section */

/* Begin XCConfigurationList section */
		08931D7318ED5495006C9842 /* Build configuration list for PBXProject "08-plist处理" */ = {
			isa = XCConfigurationList;
			buildConfigurations = (
				08931DA818ED5495006C9842 /* Debug */,
				08931DA918ED5495006C9842 /* Release */,
			);
			defaultConfigurationIsVisible = 0;
			defaultConfigurationName = Release;
		};
		08931DAA18ED5495006C9842 /* Build configuration list for PBXNativeTarget "08-plist处理" */ = {
			isa = XCConfigurationList;
			buildConfigurations = (
				08931DAB18ED5495006C9842 /* Debug */,
				08931DAC18ED5495006C9842 /* Release */,
			);
			defaultConfigurationIsVisible = 0;
		};
		08931DAD18ED5495006C9842 /* Build configuration list for PBXNativeTarget "08-plist处理Tests" */ = {
			isa = XCConfigurationList;
			buildConfigurations = (
				08931DAE18ED5495006C9842 /* Debug */,
				08931DAF18ED5495006C9842 /* Release */,
			);
			defaultConfigurationIsVisible = 0;
		};
/* End XCConfigurationList section */
	};
	rootObject = 08931D7018ED5495006C9842 /* Project object */;
}
