// !$*UTF8*$!
{
	archiveVersion = 1;
	classes = {
	};
	objectVersion = 46;
	objects = {

/* Begin PBXBuildFile section */
		08F8ADC718EA4AEC001BEC6E /* Foundation.framework in Frameworks */ = {isa = PBXBuildFile; fileRef = 08F8ADC618EA4AEC001BEC6E /* Foundation.framework */; };
		08F8ADC918EA4AEC001BEC6E /* CoreGraphics.framework in Frameworks */ = {isa = PBXBuildFile; fileRef = 08F8ADC818EA4AEC001BEC6E /* CoreGraphics.framework */; };
		08F8ADCB18EA4AEC001BEC6E /* UIKit.framework in Frameworks */ = {isa = PBXBuildFile; fileRef = 08F8ADCA18EA4AEC001BEC6E /* UIKit.framework */; };
		08F8ADD118EA4AED001BEC6E /* InfoPlist.strings in Resources */ = {isa = PBXBuildFile; fileRef = 08F8ADCF18EA4AED001BEC6E /* InfoPlist.strings */; };
		08F8ADD318EA4AED001BEC6E /* main.m in Sources */ = {isa = PBXBuildFile; fileRef = 08F8ADD218EA4AED001BEC6E /* main.m */; };
		08F8ADD718EA4AED001BEC6E /* MJAppDelegate.m in Sources */ = {isa = PBXBuildFile; fileRef = 08F8ADD618EA4AED001BEC6E /* MJAppDelegate.m */; };
		08F8ADDA18EA4AED001BEC6E /* Main.storyboard in Resources */ = {isa = PBXBuildFile; fileRef = 08F8ADD818EA4AED001BEC6E /* Main.storyboard */; };
		08F8ADDD18EA4AED001BEC6E /* MJViewController.m in Sources */ = {isa = PBXBuildFile; fileRef = 08F8ADDC18EA4AED001BEC6E /* MJViewController.m */; };
		08F8ADDF18EA4AED001BEC6E /* Images.xcassets in Resources */ = {isa = PBXBuildFile; fileRef = 08F8ADDE18EA4AED001BEC6E /* Images.xcassets */; };
		08F8ADE618EA4AED001BEC6E /* XCTest.framework in Frameworks */ = {isa = PBXBuildFile; fileRef = 08F8ADE518EA4AED001BEC6E /* XCTest.framework */; };
		08F8ADE718EA4AED001BEC6E /* Foundation.framework in Frameworks */ = {isa = PBXBuildFile; fileRef = 08F8ADC618EA4AEC001BEC6E /* Foundation.framework */; };
		08F8ADE818EA4AED001BEC6E /* UIKit.framework in Frameworks */ = {isa = PBXBuildFile; fileRef = 08F8ADCA18EA4AEC001BEC6E /* UIKit.framework */; };
		08F8ADF018EA4AED001BEC6E /* InfoPlist.strings in Resources */ = {isa = PBXBuildFile; fileRef = 08F8ADEE18EA4AED001BEC6E /* InfoPlist.strings */; };
		08F8ADF218EA4AED001BEC6E /* _1___Tests.m in Sources */ = {isa = PBXBuildFile; fileRef = 08F8ADF118EA4AED001BEC6E /* _1___Tests.m */; };
		08F8ADFF18EA4BE0001BEC6E /* MJTg.m in Sources */ = {isa = PBXBuildFile; fileRef = 08F8ADFE18EA4BE0001BEC6E /* MJTg.m */; };
		08F8AE0118EA4D42001BEC6E /* tgs.plist in Resources */ = {isa = PBXBuildFile; fileRef = 08F8AE0018EA4D42001BEC6E /* tgs.plist */; };
		08F8AE0318EA4F03001BEC6E /* MJTgCell.xib in Resources */ = {isa = PBXBuildFile; fileRef = 08F8AE0218EA4F03001BEC6E /* MJTgCell.xib */; };
		08F8AE0618EA526D001BEC6E /* MJTgCell.m in Sources */ = {isa = PBXBuildFile; fileRef = 08F8AE0518EA526D001BEC6E /* MJTgCell.m */; };
/* End PBXBuildFile section */

/* Begin PBXContainerItemProxy section */
		08F8ADE918EA4AED001BEC6E /* PBXContainerItemProxy */ = {
			isa = PBXContainerItemProxy;
			containerPortal = 08F8ADBB18EA4AEC001BEC6E /* Project object */;
			proxyType = 1;
			remoteGlobalIDString = 08F8ADC218EA4AEC001BEC6E;
			remoteInfo = "01-团购";
		};
/* End PBXContainerItemProxy section */

/* Begin PBXFileReference section */
		08F8ADC318EA4AEC001BEC6E /* 01-团购.app */ = {isa = PBXFileReference; explicitFileType = wrapper.application; includeInIndex = 0; path = "01-团购.app"; sourceTree = BUILT_PRODUCTS_DIR; };
		08F8ADC618EA4AEC001BEC6E /* Foundation.framework */ = {isa = PBXFileReference; lastKnownFileType = wrapper.framework; name = Foundation.framework; path = System/Library/Frameworks/Foundation.framework; sourceTree = SDKROOT; };
		08F8ADC818EA4AEC001BEC6E /* CoreGraphics.framework */ = {isa = PBXFileReference; lastKnownFileType = wrapper.framework; name = CoreGraphics.framework; path = System/Library/Frameworks/CoreGraphics.framework; sourceTree = SDKROOT; };
		08F8ADCA18EA4AEC001BEC6E /* UIKit.framework */ = {isa = PBXFileReference; lastKnownFileType = wrapper.framework; name = UIKit.framework; path = System/Library/Frameworks/UIKit.framework; sourceTree = SDKROOT; };
		08F8ADCE18EA4AED001BEC6E /* 01-团购-Info.plist */ = {isa = PBXFileReference; lastKnownFileType = text.plist.xml; path = "01-团购-Info.plist"; sourceTree = "<group>"; };
		08F8ADD018EA4AED001BEC6E /* en */ = {isa = PBXFileReference; lastKnownFileType = text.plist.strings; name = en; path = en.lproj/InfoPlist.strings; sourceTree = "<group>"; };
		08F8ADD218EA4AED001BEC6E /* main.m */ = {isa = PBXFileReference; lastKnownFileType = sourcecode.c.objc; path = main.m; sourceTree = "<group>"; };
		08F8ADD418EA4AED001BEC6E /* 01-团购-Prefix.pch */ = {isa = PBXFileReference; lastKnownFileType = sourcecode.c.h; path = "01-团购-Prefix.pch"; sourceTree = "<group>"; };
		08F8ADD518EA4AED001BEC6E /* MJAppDelegate.h */ = {isa = PBXFileReference; lastKnownFileType = sourcecode.c.h; path = MJAppDelegate.h; sourceTree = "<group>"; };
		08F8ADD618EA4AED001BEC6E /* MJAppDelegate.m */ = {isa = PBXFileReference; lastKnownFileType = sourcecode.c.objc; path = MJAppDelegate.m; sourceTree = "<group>"; };
		08F8ADD918EA4AED001BEC6E /* Base */ = {isa = PBXFileReference; lastKnownFileType = file.storyboard; name = Base; path = Base.lproj/Main.storyboard; sourceTree = "<group>"; };
		08F8ADDB18EA4AED001BEC6E /* MJViewController.h */ = {isa = PBXFileReference; lastKnownFileType = sourcecode.c.h; path = MJViewController.h; sourceTree = "<group>"; };
		08F8ADDC18EA4AED001BEC6E /* MJViewController.m */ = {isa = PBXFileReference; lastKnownFileType = sourcecode.c.objc; path = MJViewController.m; sourceTree = "<group>"; };
		08F8ADDE18EA4AED001BEC6E /* Images.xcassets */ = {isa = PBXFileReference; lastKnownFileType = folder.assetcatalog; path = Images.xcassets; sourceTree = "<group>"; };
		08F8ADE418EA4AED001BEC6E /* 01-团购Tests.xctest */ = {isa = PBXFileReference; explicitFileType = wrapper.cfbundle; includeInIndex = 0; path = "01-团购Tests.xctest"; sourceTree = BUILT_PRODUCTS_DIR; };
		08F8ADE518EA4AED001BEC6E /* XCTest.framework */ = {isa = PBXFileReference; lastKnownFileType = wrapper.framework; name = XCTest.framework; path = Library/Frameworks/XCTest.framework; sourceTree = DEVELOPER_DIR; };
		08F8ADED18EA4AED001BEC6E /* 01-团购Tests-Info.plist */ = {isa = PBXFileReference; lastKnownFileType = text.plist.xml; path = "01-团购Tests-Info.plist"; sourceTree = "<group>"; };
		08F8ADEF18EA4AED001BEC6E /* en */ = {isa = PBXFileReference; lastKnownFileType = text.plist.strings; name = en; path = en.lproj/InfoPlist.strings; sourceTree = "<group>"; };
		08F8ADF118EA4AED001BEC6E /* _1___Tests.m */ = {isa = PBXFileReference; lastKnownFileType = sourcecode.c.objc; path = "_1___Tests.m"; sourceTree = "<group>"; };
		08F8ADFD18EA4BE0001BEC6E /* MJTg.h */ = {isa = PBXFileReference; fileEncoding = 4; lastKnownFileType = sourcecode.c.h; path = MJTg.h; sourceTree = "<group>"; };
		08F8ADFE18EA4BE0001BEC6E /* MJTg.m */ = {isa = PBXFileReference; fileEncoding = 4; lastKnownFileType = sourcecode.c.objc; path = MJTg.m; sourceTree = "<group>"; };
		08F8AE0018EA4D42001BEC6E /* tgs.plist */ = {isa = PBXFileReference; fileEncoding = 4; lastKnownFileType = text.plist.xml; path = tgs.plist; sourceTree = "<group>"; };
		08F8AE0218EA4F03001BEC6E /* MJTgCell.xib */ = {isa = PBXFileReference; fileEncoding = 4; lastKnownFileType = file.xib; path = MJTgCell.xib; sourceTree = "<group>"; };
		08F8AE0418EA526D001BEC6E /* MJTgCell.h */ = {isa = PBXFileReference; fileEncoding = 4; lastKnownFileType = sourcecode.c.h; path = MJTgCell.h; sourceTree = "<group>"; };
		08F8AE0518EA526D001BEC6E /* MJTgCell.m */ = {isa = PBXFileReference; fileEncoding = 4; lastKnownFileType = sourcecode.c.objc; path = MJTgCell.m; sourceTree = "<group>"; };
/* End PBXFileReference section */

/* Begin PBXFrameworksBuildPhase section */
		08F8ADC018EA4AEC001BEC6E /* Frameworks */ = {
			isa = PBXFrameworksBuildPhase;
			buildActionMask = 2147483647;
			files = (
				08F8ADC918EA4AEC001BEC6E /* CoreGraphics.framework in Frameworks */,
				08F8ADCB18EA4AEC001BEC6E /* UIKit.framework in Frameworks */,
				08F8ADC718EA4AEC001BEC6E /* Foundation.framework in Frameworks */,
			);
			runOnlyForDeploymentPostprocessing = 0;
		};
		08F8ADE118EA4AED001BEC6E /* Frameworks */ = {
			isa = PBXFrameworksBuildPhase;
			buildActionMask = 2147483647;
			files = (
				08F8ADE618EA4AED001BEC6E /* XCTest.framework in Frameworks */,
				08F8ADE818EA4AED001BEC6E /* UIKit.framework in Frameworks */,
				08F8ADE718EA4AED001BEC6E /* Foundation.framework in Frameworks */,
			);
			runOnlyForDeploymentPostprocessing = 0;
		};
/* End PBXFrameworksBuildPhase section */

/* Begin PBXGroup section */
		08F8ADBA18EA4AEC001BEC6E = {
			isa = PBXGroup;
			children = (
				08F8ADCC18EA4AED001BEC6E /* 01-团购 */,
				08F8ADEB18EA4AED001BEC6E /* 01-团购Tests */,
				08F8ADC518EA4AEC001BEC6E /* Frameworks */,
				08F8ADC418EA4AEC001BEC6E /* Products */,
			);
			sourceTree = "<group>";
		};
		08F8ADC418EA4AEC001BEC6E /* Products */ = {
			isa = PBXGroup;
			children = (
				08F8ADC318EA4AEC001BEC6E /* 01-团购.app */,
				08F8ADE418EA4AED001BEC6E /* 01-团购Tests.xctest */,
			);
			name = Products;
			sourceTree = "<group>";
		};
		08F8ADC518EA4AEC001BEC6E /* Frameworks */ = {
			isa = PBXGroup;
			children = (
				08F8ADC618EA4AEC001BEC6E /* Foundation.framework */,
				08F8ADC818EA4AEC001BEC6E /* CoreGraphics.framework */,
				08F8ADCA18EA4AEC001BEC6E /* UIKit.framework */,
				08F8ADE518EA4AED001BEC6E /* XCTest.framework */,
			);
			name = Frameworks;
			sourceTree = "<group>";
		};
		08F8ADCC18EA4AED001BEC6E /* 01-团购 */ = {
			isa = PBXGroup;
			children = (
				08F8ADD518EA4AED001BEC6E /* MJAppDelegate.h */,
				08F8ADD618EA4AED001BEC6E /* MJAppDelegate.m */,
				08F8ADD818EA4AED001BEC6E /* Main.storyboard */,
				08F8ADFD18EA4BE0001BEC6E /* MJTg.h */,
				08F8ADFE18EA4BE0001BEC6E /* MJTg.m */,
				08F8AE0418EA526D001BEC6E /* MJTgCell.h */,
				08F8AE0518EA526D001BEC6E /* MJTgCell.m */,
				08F8AE0218EA4F03001BEC6E /* MJTgCell.xib */,
				08F8ADDB18EA4AED001BEC6E /* MJViewController.h */,
				08F8ADDC18EA4AED001BEC6E /* MJViewController.m */,
				08F8ADDE18EA4AED001BEC6E /* Images.xcassets */,
				08F8ADCD18EA4AED001BEC6E /* Supporting Files */,
			);
			path = "01-团购";
			sourceTree = "<group>";
		};
		08F8ADCD18EA4AED001BEC6E /* Supporting Files */ = {
			isa = PBXGroup;
			children = (
				08F8AE0018EA4D42001BEC6E /* tgs.plist */,
				08F8ADCE18EA4AED001BEC6E /* 01-团购-Info.plist */,
				08F8ADCF18EA4AED001BEC6E /* InfoPlist.strings */,
				08F8ADD218EA4AED001BEC6E /* main.m */,
				08F8ADD418EA4AED001BEC6E /* 01-团购-Prefix.pch */,
			);
			name = "Supporting Files";
			sourceTree = "<group>";
		};
		08F8ADEB18EA4AED001BEC6E /* 01-团购Tests */ = {
			isa = PBXGroup;
			children = (
				08F8ADF118EA4AED001BEC6E /* _1___Tests.m */,
				08F8ADEC18EA4AED001BEC6E /* Supporting Files */,
			);
			path = "01-团购Tests";
			sourceTree = "<group>";
		};
		08F8ADEC18EA4AED001BEC6E /* Supporting Files */ = {
			isa = PBXGroup;
			children = (
				08F8ADED18EA4AED001BEC6E /* 01-团购Tests-Info.plist */,
				08F8ADEE18EA4AED001BEC6E /* InfoPlist.strings */,
			);
			name = "Supporting Files";
			sourceTree = "<group>";
		};
/* End PBXGroup section */

/* Begin PBXNativeTarget section */
		08F8ADC218EA4AEC001BEC6E /* 01-团购 */ = {
			isa = PBXNativeTarget;
			buildConfigurationList = 08F8ADF518EA4AED001BEC6E /* Build configuration list for PBXNativeTarget "01-团购" */;
			buildPhases = (
				08F8ADBF18EA4AEC001BEC6E /* Sources */,
				08F8ADC018EA4AEC001BEC6E /* Frameworks */,
				08F8ADC118EA4AEC001BEC6E /* Resources */,
			);
			buildRules = (
			);
			dependencies = (
			);
			name = "01-团购";
			productName = "01-团购";
			productReference = 08F8ADC318EA4AEC001BEC6E /* 01-团购.app */;
			productType = "com.apple.product-type.application";
		};
		08F8ADE318EA4AED001BEC6E /* 01-团购Tests */ = {
			isa = PBXNativeTarget;
			buildConfigurationList = 08F8ADF818EA4AED001BEC6E /* Build configuration list for PBXNativeTarget "01-团购Tests" */;
			buildPhases = (
				08F8ADE018EA4AED001BEC6E /* Sources */,
				08F8ADE118EA4AED001BEC6E /* Frameworks */,
				08F8ADE218EA4AED001BEC6E /* Resources */,
			);
			buildRules = (
			);
			dependencies = (
				08F8ADEA18EA4AED001BEC6E /* PBXTargetDependency */,
			);
			name = "01-团购Tests";
			productName = "01-团购Tests";
			productReference = 08F8ADE418EA4AED001BEC6E /* 01-团购Tests.xctest */;
			productType = "com.apple.product-type.bundle.unit-test";
		};
/* End PBXNativeTarget section */

/* Begin PBXProject section */
		08F8ADBB18EA4AEC001BEC6E /* Project object */ = {
			isa = PBXProject;
			attributes = {
				CLASSPREFIX = MJ;
				LastUpgradeCheck = 0510;
				ORGANIZATIONNAME = itcast;
				TargetAttributes = {
					08F8ADE318EA4AED001BEC6E = {
						TestTargetID = 08F8ADC218EA4AEC001BEC6E;
					};
				};
			};
			buildConfigurationList = 08F8ADBE18EA4AEC001BEC6E /* Build configuration list for PBXProject "01-团购" */;
			compatibilityVersion = "Xcode 3.2";
			developmentRegion = English;
			hasScannedForEncodings = 0;
			knownRegions = (
				en,
				Base,
			);
			mainGroup = 08F8ADBA18EA4AEC001BEC6E;
			productRefGroup = 08F8ADC418EA4AEC001BEC6E /* Products */;
			projectDirPath = "";
			projectRoot = "";
			targets = (
				08F8ADC218EA4AEC001BEC6E /* 01-团购 */,
				08F8ADE318EA4AED001BEC6E /* 01-团购Tests */,
			);
		};
/* End PBXProject section */

/* Begin PBXResourcesBuildPhase section */
		08F8ADC118EA4AEC001BEC6E /* Resources */ = {
			isa = PBXResourcesBuildPhase;
			buildActionMask = 2147483647;
			files = (
				08F8ADDF18EA4AED001BEC6E /* Images.xcassets in Resources */,
				08F8AE0318EA4F03001BEC6E /* MJTgCell.xib in Resources */,
				08F8AE0118EA4D42001BEC6E /* tgs.plist in Resources */,
				08F8ADD118EA4AED001BEC6E /* InfoPlist.strings in Resources */,
				08F8ADDA18EA4AED001BEC6E /* Main.storyboard in Resources */,
			);
			runOnlyForDeploymentPostprocessing = 0;
		};
		08F8ADE218EA4AED001BEC6E /* Resources */ = {
			isa = PBXResourcesBuildPhase;
			buildActionMask = 2147483647;
			files = (
				08F8ADF018EA4AED001BEC6E /* InfoPlist.strings in Resources */,
			);
			runOnlyForDeploymentPostprocessing = 0;
		};
/* End PBXResourcesBuildPhase section */

/* Begin PBXSourcesBuildPhase section */
		08F8ADBF18EA4AEC001BEC6E /* Sources */ = {
			isa = PBXSourcesBuildPhase;
			buildActionMask = 2147483647;
			files = (
				08F8ADD318EA4AED001BEC6E /* main.m in Sources */,
				08F8ADDD18EA4AED001BEC6E /* MJViewController.m in Sources */,
				08F8AE0618EA526D001BEC6E /* MJTgCell.m in Sources */,
				08F8ADD718EA4AED001BEC6E /* MJAppDelegate.m in Sources */,
				08F8ADFF18EA4BE0001BEC6E /* MJTg.m in Sources */,
			);
			runOnlyForDeploymentPostprocessing = 0;
		};
		08F8ADE018EA4AED001BEC6E /* Sources */ = {
			isa = PBXSourcesBuildPhase;
			buildActionMask = 2147483647;
			files = (
				08F8ADF218EA4AED001BEC6E /* _1___Tests.m in Sources */,
			);
			runOnlyForDeploymentPostprocessing = 0;
		};
/* End PBXSourcesBuildPhase section */

/* Begin PBXTargetDependency section */
		08F8ADEA18EA4AED001BEC6E /* PBXTargetDependency */ = {
			isa = PBXTargetDependency;
			target = 08F8ADC218EA4AEC001BEC6E /* 01-团购 */;
			targetProxy = 08F8ADE918EA4AED001BEC6E /* PBXContainerItemProxy */;
		};
/* End PBXTargetDependency section */

/* Begin PBXVariantGroup section */
		08F8ADCF18EA4AED001BEC6E /* InfoPlist.strings */ = {
			isa = PBXVariantGroup;
			children = (
				08F8ADD018EA4AED001BEC6E /* en */,
			);
			name = InfoPlist.strings;
			sourceTree = "<group>";
		};
		08F8ADD818EA4AED001BEC6E /* Main.storyboard */ = {
			isa = PBXVariantGroup;
			children = (
				08F8ADD918EA4AED001BEC6E /* Base */,
			);
			name = Main.storyboard;
			sourceTree = "<group>";
		};
		08F8ADEE18EA4AED001BEC6E /* InfoPlist.strings */ = {
			isa = PBXVariantGroup;
			children = (
				08F8ADEF18EA4AED001BEC6E /* en */,
			);
			name = InfoPlist.strings;
			sourceTree = "<group>";
		};
/* End PBXVariantGroup section */

/* Begin XCBuildConfiguration section */
		08F8ADF318EA4AED001BEC6E /* Debug */ = {
			isa = XCBuildConfiguration;
			buildSettings = {
				ALWAYS_SEARCH_USER_PATHS = NO;
				CLANG_CXX_LANGUAGE_STANDARD = "gnu++0x";
				CLANG_CXX_LIBRARY = "libc++";
				CLANG_ENABLE_MODULES = YES;
				CLANG_ENABLE_OBJC_ARC = YES;
				CLANG_WARN_BOOL_CONVERSION = YES;
				CLANG_WARN_CONSTANT_CONVERSION = YES;
				CLANG_WARN_DIRECT_OBJC_ISA_USAGE = YES_ERROR;
				CLANG_WARN_EMPTY_BODY = YES;
				CLANG_WARN_ENUM_CONVERSION = YES;
				CLANG_WARN_INT_CONVERSION = YES;
				CLANG_WARN_OBJC_ROOT_CLASS = YES_ERROR;
				CLANG_WARN__DUPLICATE_METHOD_MATCH = YES;
				"CODE_SIGN_IDENTITY[sdk=iphoneos*]" = "iPhone Developer";
				COPY_PHASE_STRIP = NO;
				GCC_C_LANGUAGE_STANDARD = gnu99;
				GCC_DYNAMIC_NO_PIC = NO;
				GCC_OPTIMIZATION_LEVEL = 0;
				GCC_PREPROCESSOR_DEFINITIONS = (
					"DEBUG=1",
					"$(inherited)",
				);
				GCC_SYMBOLS_PRIVATE_EXTERN = NO;
				GCC_WARN_64_TO_32_BIT_CONVERSION = YES;
				GCC_WARN_ABOUT_RETURN_TYPE = YES_ERROR;
				GCC_WARN_UNDECLARED_SELECTOR = YES;
				GCC_WARN_UNINITIALIZED_AUTOS = YES_AGGRESSIVE;
				GCC_WARN_UNUSED_FUNCTION = YES;
				GCC_WARN_UNUSED_VARIABLE = YES;
				IPHONEOS_DEPLOYMENT_TARGET = 7.1;
				ONLY_ACTIVE_ARCH = YES;
				SDKROOT = iphoneos;
			};
			name = Debug;
		};
		08F8ADF418EA4AED001BEC6E /* Release */ = {
			isa = XCBuildConfiguration;
			buildSettings = {
				ALWAYS_SEARCH_USER_PATHS = NO;
				CLANG_CXX_LANGUAGE_STANDARD = "gnu++0x";
				CLANG_CXX_LIBRARY = "libc++";
				CLANG_ENABLE_MODULES = YES;
				CLANG_ENABLE_OBJC_ARC = YES;
				CLANG_WARN_BOOL_CONVERSION = YES;
				CLANG_WARN_CONSTANT_CONVERSION = YES;
				CLANG_WARN_DIRECT_OBJC_ISA_USAGE = YES_ERROR;
				CLANG_WARN_EMPTY_BODY = YES;
				CLANG_WARN_ENUM_CONVERSION = YES;
				CLANG_WARN_INT_CONVERSION = YES;
				CLANG_WARN_OBJC_ROOT_CLASS = YES_ERROR;
				CLANG_WARN__DUPLICATE_METHOD_MATCH = YES;
				"CODE_SIGN_IDENTITY[sdk=iphoneos*]" = "iPhone Developer";
				COPY_PHASE_STRIP = YES;
				ENABLE_NS_ASSERTIONS = NO;
				GCC_C_LANGUAGE_STANDARD = gnu99;
				GCC_WARN_64_TO_32_BIT_CONVERSION = YES;
				GCC_WARN_ABOUT_RETURN_TYPE = YES_ERROR;
				GCC_WARN_UNDECLARED_SELECTOR = YES;
				GCC_WARN_UNINITIALIZED_AUTOS = YES_AGGRESSIVE;
				GCC_WARN_UNUSED_FUNCTION = YES;
				GCC_WARN_UNUSED_VARIABLE = YES;
				IPHONEOS_DEPLOYMENT_TARGET = 7.1;
				SDKROOT = iphoneos;
				VALIDATE_PRODUCT = YES;
			};
			name = Release;
		};
		08F8ADF618EA4AED001BEC6E /* Debug */ = {
			isa = XCBuildConfiguration;
			buildSettings = {
				ASSETCATALOG_COMPILER_APPICON_NAME = AppIcon;
				ASSETCATALOG_COMPILER_LAUNCHIMAGE_NAME = LaunchImage;
				GCC_PRECOMPILE_PREFIX_HEADER = YES;
				GCC_PREFIX_HEADER = "01-团购/01-团购-Prefix.pch";
				INFOPLIST_FILE = "01-团购/01-团购-Info.plist";
				PRODUCT_NAME = "$(TARGET_NAME)";
				WRAPPER_EXTENSION = app;
			};
			name = Debug;
		};
		08F8ADF718EA4AED001BEC6E /* Release */ = {
			isa = XCBuildConfiguration;
			buildSettings = {
				ASSETCATALOG_COMPILER_APPICON_NAME = AppIcon;
				ASSETCATALOG_COMPILER_LAUNCHIMAGE_NAME = LaunchImage;
				GCC_PRECOMPILE_PREFIX_HEADER = YES;
				GCC_PREFIX_HEADER = "01-团购/01-团购-Prefix.pch";
				INFOPLIST_FILE = "01-团购/01-团购-Info.plist";
				PRODUCT_NAME = "$(TARGET_NAME)";
				WRAPPER_EXTENSION = app;
			};
			name = Release;
		};
		08F8ADF918EA4AED001BEC6E /* Debug */ = {
			isa = XCBuildConfiguration;
			buildSettings = {
				BUNDLE_LOADER = "$(BUILT_PRODUCTS_DIR)/01-团购.app/01-团购";
				FRAMEWORK_SEARCH_PATHS = (
					"$(SDKROOT)/Developer/Library/Frameworks",
					"$(inherited)",
					"$(DEVELOPER_FRAMEWORKS_DIR)",
				);
				GCC_PRECOMPILE_PREFIX_HEADER = YES;
				GCC_PREFIX_HEADER = "01-团购/01-团购-Prefix.pch";
				GCC_PREPROCESSOR_DEFINITIONS = (
					"DEBUG=1",
					"$(inherited)",
				);
				INFOPLIST_FILE = "01-团购Tests/01-团购Tests-Info.plist";
				PRODUCT_NAME = "$(TARGET_NAME)";
				TEST_HOST = "$(BUNDLE_LOADER)";
				WRAPPER_EXTENSION = xctest;
			};
			name = Debug;
		};
		08F8ADFA18EA4AED001BEC6E /* Release */ = {
			isa = XCBuildConfiguration;
			buildSettings = {
				BUNDLE_LOADER = "$(BUILT_PRODUCTS_DIR)/01-团购.app/01-团购";
				FRAMEWORK_SEARCH_PATHS = (
					"$(SDKROOT)/Developer/Library/Frameworks",
					"$(inherited)",
					"$(DEVELOPER_FRAMEWORKS_DIR)",
				);
				GCC_PRECOMPILE_PREFIX_HEADER = YES;
				GCC_PREFIX_HEADER = "01-团购/01-团购-Prefix.pch";
				INFOPLIST_FILE = "01-团购Tests/01-团购Tests-Info.plist";
				PRODUCT_NAME = "$(TARGET_NAME)";
				TEST_HOST = "$(BUNDLE_LOADER)";
				WRAPPER_EXTENSION = xctest;
			};
			name = Release;
		};
/* End XCBuildConfiguration section */

/* Begin XCConfigurationList section */
		08F8ADBE18EA4AEC001BEC6E /* Build configuration list for PBXProject "01-团购" */ = {
			isa = XCConfigurationList;
			buildConfigurations = (
				08F8ADF318EA4AED001BEC6E /* Debug */,
				08F8ADF418EA4AED001BEC6E /* Release */,
			);
			defaultConfigurationIsVisible = 0;
			defaultConfigurationName = Release;
		};
		08F8ADF518EA4AED001BEC6E /* Build configuration list for PBXNativeTarget "01-团购" */ = {
			isa = XCConfigurationList;
			buildConfigurations = (
				08F8ADF618EA4AED001BEC6E /* Debug */,
				08F8ADF718EA4AED001BEC6E /* Release */,
			);
			defaultConfigurationIsVisible = 0;
			defaultConfigurationName = Release;
		};
		08F8ADF818EA4AED001BEC6E /* Build configuration list for PBXNativeTarget "01-团购Tests" */ = {
			isa = XCConfigurationList;
			buildConfigurations = (
				08F8ADF918EA4AED001BEC6E /* Debug */,
				08F8ADFA18EA4AED001BEC6E /* Release */,
			);
			defaultConfigurationIsVisible = 0;
			defaultConfigurationName = Release;
		};
/* End XCConfigurationList section */
	};
	rootObject = 08F8ADBB18EA4AEC001BEC6E /* Project object */;
}
