// !$*UTF8*$!
{
	archiveVersion = 1;
	classes = {
	};
	objectVersion = 46;
	objects = {

/* Begin PBXBuildFile section */
		08280AB418F3EB260039DF84 /* Foundation.framework in Frameworks */ = {isa = PBXBuildFile; fileRef = 08280AB318F3EB260039DF84 /* Foundation.framework */; };
		08280AB618F3EB260039DF84 /* CoreGraphics.framework in Frameworks */ = {isa = PBXBuildFile; fileRef = 08280AB518F3EB260039DF84 /* CoreGraphics.framework */; };
		08280AB818F3EB260039DF84 /* UIKit.framework in Frameworks */ = {isa = PBXBuildFile; fileRef = 08280AB718F3EB260039DF84 /* UIKit.framework */; };
		08280ABE18F3EB260039DF84 /* InfoPlist.strings in Resources */ = {isa = PBXBuildFile; fileRef = 08280ABC18F3EB260039DF84 /* InfoPlist.strings */; };
		08280AC018F3EB260039DF84 /* main.m in Sources */ = {isa = PBXBuildFile; fileRef = 08280ABF18F3EB260039DF84 /* main.m */; };
		08280AC418F3EB260039DF84 /* MJAppDelegate.m in Sources */ = {isa = PBXBuildFile; fileRef = 08280AC318F3EB260039DF84 /* MJAppDelegate.m */; };
		08280AC718F3EB260039DF84 /* Main.storyboard in Resources */ = {isa = PBXBuildFile; fileRef = 08280AC518F3EB260039DF84 /* Main.storyboard */; };
		08280ACC18F3EB260039DF84 /* Images.xcassets in Resources */ = {isa = PBXBuildFile; fileRef = 08280ACB18F3EB260039DF84 /* Images.xcassets */; };
		08280AD318F3EB260039DF84 /* XCTest.framework in Frameworks */ = {isa = PBXBuildFile; fileRef = 08280AD218F3EB260039DF84 /* XCTest.framework */; };
		08280AD418F3EB260039DF84 /* Foundation.framework in Frameworks */ = {isa = PBXBuildFile; fileRef = 08280AB318F3EB260039DF84 /* Foundation.framework */; };
		08280AD518F3EB260039DF84 /* UIKit.framework in Frameworks */ = {isa = PBXBuildFile; fileRef = 08280AB718F3EB260039DF84 /* UIKit.framework */; };
		08280ADD18F3EB260039DF84 /* InfoPlist.strings in Resources */ = {isa = PBXBuildFile; fileRef = 08280ADB18F3EB260039DF84 /* InfoPlist.strings */; };
		08280ADF18F3EB260039DF84 /* _8_________Tests.m in Sources */ = {isa = PBXBuildFile; fileRef = 08280ADE18F3EB260039DF84 /* _8_________Tests.m */; };
		08280AEC18F3EB4F0039DF84 /* MJOneViewController.m in Sources */ = {isa = PBXBuildFile; fileRef = 08280AE918F3EB4F0039DF84 /* MJOneViewController.m */; };
		08280AED18F3EB4F0039DF84 /* MJTwoViewController.m in Sources */ = {isa = PBXBuildFile; fileRef = 08280AEB18F3EB4F0039DF84 /* MJTwoViewController.m */; };
/* End PBXBuildFile section */

/* Begin PBXContainerItemProxy section */
		08280AD618F3EB260039DF84 /* PBXContainerItemProxy */ = {
			isa = PBXContainerItemProxy;
			containerPortal = 08280AA818F3EB260039DF84 /* Project object */;
			proxyType = 1;
			remoteGlobalIDString = 08280AAF18F3EB260039DF84;
			remoteInfo = "08-控制器的生命周期";
		};
/* End PBXContainerItemProxy section */

/* Begin PBXFileReference section */
		08280AB018F3EB260039DF84 /* 08-控制器的生命周期.app */ = {isa = PBXFileReference; explicitFileType = wrapper.application; includeInIndex = 0; path = "08-控制器的生命周期.app"; sourceTree = BUILT_PRODUCTS_DIR; };
		08280AB318F3EB260039DF84 /* Foundation.framework */ = {isa = PBXFileReference; lastKnownFileType = wrapper.framework; name = Foundation.framework; path = System/Library/Frameworks/Foundation.framework; sourceTree = SDKROOT; };
		08280AB518F3EB260039DF84 /* CoreGraphics.framework */ = {isa = PBXFileReference; lastKnownFileType = wrapper.framework; name = CoreGraphics.framework; path = System/Library/Frameworks/CoreGraphics.framework; sourceTree = SDKROOT; };
		08280AB718F3EB260039DF84 /* UIKit.framework */ = {isa = PBXFileReference; lastKnownFileType = wrapper.framework; name = UIKit.framework; path = System/Library/Frameworks/UIKit.framework; sourceTree = SDKROOT; };
		08280ABB18F3EB260039DF84 /* 08-控制器的生命周期-Info.plist */ = {isa = PBXFileReference; lastKnownFileType = text.plist.xml; path = "08-控制器的生命周期-Info.plist"; sourceTree = "<group>"; };
		08280ABD18F3EB260039DF84 /* en */ = {isa = PBXFileReference; lastKnownFileType = text.plist.strings; name = en; path = en.lproj/InfoPlist.strings; sourceTree = "<group>"; };
		08280ABF18F3EB260039DF84 /* main.m */ = {isa = PBXFileReference; lastKnownFileType = sourcecode.c.objc; path = main.m; sourceTree = "<group>"; };
		08280AC118F3EB260039DF84 /* 08-控制器的生命周期-Prefix.pch */ = {isa = PBXFileReference; lastKnownFileType = sourcecode.c.h; path = "08-控制器的生命周期-Prefix.pch"; sourceTree = "<group>"; };
		08280AC218F3EB260039DF84 /* MJAppDelegate.h */ = {isa = PBXFileReference; lastKnownFileType = sourcecode.c.h; path = MJAppDelegate.h; sourceTree = "<group>"; };
		08280AC318F3EB260039DF84 /* MJAppDelegate.m */ = {isa = PBXFileReference; lastKnownFileType = sourcecode.c.objc; path = MJAppDelegate.m; sourceTree = "<group>"; };
		08280AC618F3EB260039DF84 /* Base */ = {isa = PBXFileReference; lastKnownFileType = file.storyboard; name = Base; path = Base.lproj/Main.storyboard; sourceTree = "<group>"; };
		08280ACB18F3EB260039DF84 /* Images.xcassets */ = {isa = PBXFileReference; lastKnownFileType = folder.assetcatalog; path = Images.xcassets; sourceTree = "<group>"; };
		08280AD118F3EB260039DF84 /* 08-控制器的生命周期Tests.xctest */ = {isa = PBXFileReference; explicitFileType = wrapper.cfbundle; includeInIndex = 0; path = "08-控制器的生命周期Tests.xctest"; sourceTree = BUILT_PRODUCTS_DIR; };
		08280AD218F3EB260039DF84 /* XCTest.framework */ = {isa = PBXFileReference; lastKnownFileType = wrapper.framework; name = XCTest.framework; path = Library/Frameworks/XCTest.framework; sourceTree = DEVELOPER_DIR; };
		08280ADA18F3EB260039DF84 /* 08-控制器的生命周期Tests-Info.plist */ = {isa = PBXFileReference; lastKnownFileType = text.plist.xml; path = "08-控制器的生命周期Tests-Info.plist"; sourceTree = "<group>"; };
		08280ADC18F3EB260039DF84 /* en */ = {isa = PBXFileReference; lastKnownFileType = text.plist.strings; name = en; path = en.lproj/InfoPlist.strings; sourceTree = "<group>"; };
		08280ADE18F3EB260039DF84 /* _8_________Tests.m */ = {isa = PBXFileReference; lastKnownFileType = sourcecode.c.objc; path = "_8_________Tests.m"; sourceTree = "<group>"; };
		08280AE818F3EB4F0039DF84 /* MJOneViewController.h */ = {isa = PBXFileReference; fileEncoding = 4; lastKnownFileType = sourcecode.c.h; path = MJOneViewController.h; sourceTree = "<group>"; };
		08280AE918F3EB4F0039DF84 /* MJOneViewController.m */ = {isa = PBXFileReference; fileEncoding = 4; lastKnownFileType = sourcecode.c.objc; path = MJOneViewController.m; sourceTree = "<group>"; };
		08280AEA18F3EB4F0039DF84 /* MJTwoViewController.h */ = {isa = PBXFileReference; fileEncoding = 4; lastKnownFileType = sourcecode.c.h; path = MJTwoViewController.h; sourceTree = "<group>"; };
		08280AEB18F3EB4F0039DF84 /* MJTwoViewController.m */ = {isa = PBXFileReference; fileEncoding = 4; lastKnownFileType = sourcecode.c.objc; path = MJTwoViewController.m; sourceTree = "<group>"; };
/* End PBXFileReference section */

/* Begin PBXFrameworksBuildPhase section */
		08280AAD18F3EB260039DF84 /* Frameworks */ = {
			isa = PBXFrameworksBuildPhase;
			buildActionMask = 2147483647;
			files = (
				08280AB618F3EB260039DF84 /* CoreGraphics.framework in Frameworks */,
				08280AB818F3EB260039DF84 /* UIKit.framework in Frameworks */,
				08280AB418F3EB260039DF84 /* Foundation.framework in Frameworks */,
			);
			runOnlyForDeploymentPostprocessing = 0;
		};
		08280ACE18F3EB260039DF84 /* Frameworks */ = {
			isa = PBXFrameworksBuildPhase;
			buildActionMask = 2147483647;
			files = (
				08280AD318F3EB260039DF84 /* XCTest.framework in Frameworks */,
				08280AD518F3EB260039DF84 /* UIKit.framework in Frameworks */,
				08280AD418F3EB260039DF84 /* Foundation.framework in Frameworks */,
			);
			runOnlyForDeploymentPostprocessing = 0;
		};
/* End PBXFrameworksBuildPhase section */

/* Begin PBXGroup section */
		08280AA718F3EB260039DF84 = {
			isa = PBXGroup;
			children = (
				08280AB918F3EB260039DF84 /* 08-控制器的生命周期 */,
				08280AD818F3EB260039DF84 /* 08-控制器的生命周期Tests */,
				08280AB218F3EB260039DF84 /* Frameworks */,
				08280AB118F3EB260039DF84 /* Products */,
			);
			sourceTree = "<group>";
		};
		08280AB118F3EB260039DF84 /* Products */ = {
			isa = PBXGroup;
			children = (
				08280AB018F3EB260039DF84 /* 08-控制器的生命周期.app */,
				08280AD118F3EB260039DF84 /* 08-控制器的生命周期Tests.xctest */,
			);
			name = Products;
			sourceTree = "<group>";
		};
		08280AB218F3EB260039DF84 /* Frameworks */ = {
			isa = PBXGroup;
			children = (
				08280AB318F3EB260039DF84 /* Foundation.framework */,
				08280AB518F3EB260039DF84 /* CoreGraphics.framework */,
				08280AB718F3EB260039DF84 /* UIKit.framework */,
				08280AD218F3EB260039DF84 /* XCTest.framework */,
			);
			name = Frameworks;
			sourceTree = "<group>";
		};
		08280AB918F3EB260039DF84 /* 08-控制器的生命周期 */ = {
			isa = PBXGroup;
			children = (
				08280AE818F3EB4F0039DF84 /* MJOneViewController.h */,
				08280AE918F3EB4F0039DF84 /* MJOneViewController.m */,
				08280AEA18F3EB4F0039DF84 /* MJTwoViewController.h */,
				08280AEB18F3EB4F0039DF84 /* MJTwoViewController.m */,
				08280AC218F3EB260039DF84 /* MJAppDelegate.h */,
				08280AC318F3EB260039DF84 /* MJAppDelegate.m */,
				08280AC518F3EB260039DF84 /* Main.storyboard */,
				08280ACB18F3EB260039DF84 /* Images.xcassets */,
				08280ABA18F3EB260039DF84 /* Supporting Files */,
			);
			path = "08-控制器的生命周期";
			sourceTree = "<group>";
		};
		08280ABA18F3EB260039DF84 /* Supporting Files */ = {
			isa = PBXGroup;
			children = (
				08280ABB18F3EB260039DF84 /* 08-控制器的生命周期-Info.plist */,
				08280ABC18F3EB260039DF84 /* InfoPlist.strings */,
				08280ABF18F3EB260039DF84 /* main.m */,
				08280AC118F3EB260039DF84 /* 08-控制器的生命周期-Prefix.pch */,
			);
			name = "Supporting Files";
			sourceTree = "<group>";
		};
		08280AD818F3EB260039DF84 /* 08-控制器的生命周期Tests */ = {
			isa = PBXGroup;
			children = (
				08280ADE18F3EB260039DF84 /* _8_________Tests.m */,
				08280AD918F3EB260039DF84 /* Supporting Files */,
			);
			path = "08-控制器的生命周期Tests";
			sourceTree = "<group>";
		};
		08280AD918F3EB260039DF84 /* Supporting Files */ = {
			isa = PBXGroup;
			children = (
				08280ADA18F3EB260039DF84 /* 08-控制器的生命周期Tests-Info.plist */,
				08280ADB18F3EB260039DF84 /* InfoPlist.strings */,
			);
			name = "Supporting Files";
			sourceTree = "<group>";
		};
/* End PBXGroup section */

/* Begin PBXNativeTarget section */
		08280AAF18F3EB260039DF84 /* 08-控制器的生命周期 */ = {
			isa = PBXNativeTarget;
			buildConfigurationList = 08280AE218F3EB260039DF84 /* Build configuration list for PBXNativeTarget "08-控制器的生命周期" */;
			buildPhases = (
				08280AAC18F3EB260039DF84 /* Sources */,
				08280AAD18F3EB260039DF84 /* Frameworks */,
				08280AAE18F3EB260039DF84 /* Resources */,
			);
			buildRules = (
			);
			dependencies = (
			);
			name = "08-控制器的生命周期";
			productName = "08-控制器的生命周期";
			productReference = 08280AB018F3EB260039DF84 /* 08-控制器的生命周期.app */;
			productType = "com.apple.product-type.application";
		};
		08280AD018F3EB260039DF84 /* 08-控制器的生命周期Tests */ = {
			isa = PBXNativeTarget;
			buildConfigurationList = 08280AE518F3EB260039DF84 /* Build configuration list for PBXNativeTarget "08-控制器的生命周期Tests" */;
			buildPhases = (
				08280ACD18F3EB260039DF84 /* Sources */,
				08280ACE18F3EB260039DF84 /* Frameworks */,
				08280ACF18F3EB260039DF84 /* Resources */,
			);
			buildRules = (
			);
			dependencies = (
				08280AD718F3EB260039DF84 /* PBXTargetDependency */,
			);
			name = "08-控制器的生命周期Tests";
			productName = "08-控制器的生命周期Tests";
			productReference = 08280AD118F3EB260039DF84 /* 08-控制器的生命周期Tests.xctest */;
			productType = "com.apple.product-type.bundle.unit-test";
		};
/* End PBXNativeTarget section */

/* Begin PBXProject section */
		08280AA818F3EB260039DF84 /* Project object */ = {
			isa = PBXProject;
			attributes = {
				CLASSPREFIX = MJ;
				LastUpgradeCheck = 0510;
				ORGANIZATIONNAME = itcast;
				TargetAttributes = {
					08280AD018F3EB260039DF84 = {
						TestTargetID = 08280AAF18F3EB260039DF84;
					};
				};
			};
			buildConfigurationList = 08280AAB18F3EB260039DF84 /* Build configuration list for PBXProject "08-控制器的生命周期" */;
			compatibilityVersion = "Xcode 3.2";
			developmentRegion = English;
			hasScannedForEncodings = 0;
			knownRegions = (
				en,
				Base,
			);
			mainGroup = 08280AA718F3EB260039DF84;
			productRefGroup = 08280AB118F3EB260039DF84 /* Products */;
			projectDirPath = "";
			projectRoot = "";
			targets = (
				08280AAF18F3EB260039DF84 /* 08-控制器的生命周期 */,
				08280AD018F3EB260039DF84 /* 08-控制器的生命周期Tests */,
			);
		};
/* End PBXProject section */

/* Begin PBXResourcesBuildPhase section */
		08280AAE18F3EB260039DF84 /* Resources */ = {
			isa = PBXResourcesBuildPhase;
			buildActionMask = 2147483647;
			files = (
				08280ACC18F3EB260039DF84 /* Images.xcassets in Resources */,
				08280ABE18F3EB260039DF84 /* InfoPlist.strings in Resources */,
				08280AC718F3EB260039DF84 /* Main.storyboard in Resources */,
			);
			runOnlyForDeploymentPostprocessing = 0;
		};
		08280ACF18F3EB260039DF84 /* Resources */ = {
			isa = PBXResourcesBuildPhase;
			buildActionMask = 2147483647;
			files = (
				08280ADD18F3EB260039DF84 /* InfoPlist.strings in Resources */,
			);
			runOnlyForDeploymentPostprocessing = 0;
		};
/* End PBXResourcesBuildPhase section */

/* Begin PBXSourcesBuildPhase section */
		08280AAC18F3EB260039DF84 /* Sources */ = {
			isa = PBXSourcesBuildPhase;
			buildActionMask = 2147483647;
			files = (
				08280AED18F3EB4F0039DF84 /* MJTwoViewController.m in Sources */,
				08280AEC18F3EB4F0039DF84 /* MJOneViewController.m in Sources */,
				08280AC018F3EB260039DF84 /* main.m in Sources */,
				08280AC418F3EB260039DF84 /* MJAppDelegate.m in Sources */,
			);
			runOnlyForDeploymentPostprocessing = 0;
		};
		08280ACD18F3EB260039DF84 /* Sources */ = {
			isa = PBXSourcesBuildPhase;
			buildActionMask = 2147483647;
			files = (
				08280ADF18F3EB260039DF84 /* _8_________Tests.m in Sources */,
			);
			runOnlyForDeploymentPostprocessing = 0;
		};
/* End PBXSourcesBuildPhase section */

/* Begin PBXTargetDependency section */
		08280AD718F3EB260039DF84 /* PBXTargetDependency */ = {
			isa = PBXTargetDependency;
			target = 08280AAF18F3EB260039DF84 /* 08-控制器的生命周期 */;
			targetProxy = 08280AD618F3EB260039DF84 /* PBXContainerItemProxy */;
		};
/* End PBXTargetDependency section */

/* Begin PBXVariantGroup section */
		08280ABC18F3EB260039DF84 /* InfoPlist.strings */ = {
			isa = PBXVariantGroup;
			children = (
				08280ABD18F3EB260039DF84 /* en */,
			);
			name = InfoPlist.strings;
			sourceTree = "<group>";
		};
		08280AC518F3EB260039DF84 /* Main.storyboard */ = {
			isa = PBXVariantGroup;
			children = (
				08280AC618F3EB260039DF84 /* Base */,
			);
			name = Main.storyboard;
			sourceTree = "<group>";
		};
		08280ADB18F3EB260039DF84 /* InfoPlist.strings */ = {
			isa = PBXVariantGroup;
			children = (
				08280ADC18F3EB260039DF84 /* en */,
			);
			name = InfoPlist.strings;
			sourceTree = "<group>";
		};
/* End PBXVariantGroup section */

/* Begin XCBuildConfiguration section */
		08280AE018F3EB260039DF84 /* Debug */ = {
			isa = XCBuildConfiguration;
			buildSettings = {
				ALWAYS_SEARCH_USER_PATHS = NO;
				CLANG_CXX_LANGUAGE_STANDARD = "gnu++0x";
				CLANG_CXX_LIBRARY = "libc++";
				CLANG_ENABLE_MODULES = YES;
				CLANG_ENABLE_OBJC_ARC = YES;
				CLANG_WARN_BOOL_CONVERSION = YES;
				CLANG_WARN_CONSTANT_CONVERSION = YES;
				CLANG_WARN_DIRECT_OBJC_ISA_USAGE = YES_ERROR;
				CLANG_WARN_EMPTY_BODY = YES;
				CLANG_WARN_ENUM_CONVERSION = YES;
				CLANG_WARN_INT_CONVERSION = YES;
				CLANG_WARN_OBJC_ROOT_CLASS = YES_ERROR;
				CLANG_WARN__DUPLICATE_METHOD_MATCH = YES;
				"CODE_SIGN_IDENTITY[sdk=iphoneos*]" = "iPhone Developer";
				COPY_PHASE_STRIP = NO;
				GCC_C_LANGUAGE_STANDARD = gnu99;
				GCC_DYNAMIC_NO_PIC = NO;
				GCC_OPTIMIZATION_LEVEL = 0;
				GCC_PREPROCESSOR_DEFINITIONS = (
					"DEBUG=1",
					"$(inherited)",
				);
				GCC_SYMBOLS_PRIVATE_EXTERN = NO;
				GCC_WARN_64_TO_32_BIT_CONVERSION = YES;
				GCC_WARN_ABOUT_RETURN_TYPE = YES_ERROR;
				GCC_WARN_UNDECLARED_SELECTOR = YES;
				GCC_WARN_UNINITIALIZED_AUTOS = YES_AGGRESSIVE;
				GCC_WARN_UNUSED_FUNCTION = YES;
				GCC_WARN_UNUSED_VARIABLE = YES;
				IPHONEOS_DEPLOYMENT_TARGET = 7.1;
				ONLY_ACTIVE_ARCH = YES;
				SDKROOT = iphoneos;
			};
			name = Debug;
		};
		08280AE118F3EB260039DF84 /* Release */ = {
			isa = XCBuildConfiguration;
			buildSettings = {
				ALWAYS_SEARCH_USER_PATHS = NO;
				CLANG_CXX_LANGUAGE_STANDARD = "gnu++0x";
				CLANG_CXX_LIBRARY = "libc++";
				CLANG_ENABLE_MODULES = YES;
				CLANG_ENABLE_OBJC_ARC = YES;
				CLANG_WARN_BOOL_CONVERSION = YES;
				CLANG_WARN_CONSTANT_CONVERSION = YES;
				CLANG_WARN_DIRECT_OBJC_ISA_USAGE = YES_ERROR;
				CLANG_WARN_EMPTY_BODY = YES;
				CLANG_WARN_ENUM_CONVERSION = YES;
				CLANG_WARN_INT_CONVERSION = YES;
				CLANG_WARN_OBJC_ROOT_CLASS = YES_ERROR;
				CLANG_WARN__DUPLICATE_METHOD_MATCH = YES;
				"CODE_SIGN_IDENTITY[sdk=iphoneos*]" = "iPhone Developer";
				COPY_PHASE_STRIP = YES;
				ENABLE_NS_ASSERTIONS = NO;
				GCC_C_LANGUAGE_STANDARD = gnu99;
				GCC_WARN_64_TO_32_BIT_CONVERSION = YES;
				GCC_WARN_ABOUT_RETURN_TYPE = YES_ERROR;
				GCC_WARN_UNDECLARED_SELECTOR = YES;
				GCC_WARN_UNINITIALIZED_AUTOS = YES_AGGRESSIVE;
				GCC_WARN_UNUSED_FUNCTION = YES;
				GCC_WARN_UNUSED_VARIABLE = YES;
				IPHONEOS_DEPLOYMENT_TARGET = 7.1;
				SDKROOT = iphoneos;
				VALIDATE_PRODUCT = YES;
			};
			name = Release;
		};
		08280AE318F3EB260039DF84 /* Debug */ = {
			isa = XCBuildConfiguration;
			buildSettings = {
				ASSETCATALOG_COMPILER_APPICON_NAME = AppIcon;
				ASSETCATALOG_COMPILER_LAUNCHIMAGE_NAME = LaunchImage;
				GCC_PRECOMPILE_PREFIX_HEADER = YES;
				GCC_PREFIX_HEADER = "08-控制器的生命周期/08-控制器的生命周期-Prefix.pch";
				INFOPLIST_FILE = "08-控制器的生命周期/08-控制器的生命周期-Info.plist";
				PRODUCT_NAME = "$(TARGET_NAME)";
				WRAPPER_EXTENSION = app;
			};
			name = Debug;
		};
		08280AE418F3EB260039DF84 /* Release */ = {
			isa = XCBuildConfiguration;
			buildSettings = {
				ASSETCATALOG_COMPILER_APPICON_NAME = AppIcon;
				ASSETCATALOG_COMPILER_LAUNCHIMAGE_NAME = LaunchImage;
				GCC_PRECOMPILE_PREFIX_HEADER = YES;
				GCC_PREFIX_HEADER = "08-控制器的生命周期/08-控制器的生命周期-Prefix.pch";
				INFOPLIST_FILE = "08-控制器的生命周期/08-控制器的生命周期-Info.plist";
				PRODUCT_NAME = "$(TARGET_NAME)";
				WRAPPER_EXTENSION = app;
			};
			name = Release;
		};
		08280AE618F3EB260039DF84 /* Debug */ = {
			isa = XCBuildConfiguration;
			buildSettings = {
				BUNDLE_LOADER = "$(BUILT_PRODUCTS_DIR)/08-控制器的生命周期.app/08-控制器的生命周期";
				FRAMEWORK_SEARCH_PATHS = (
					"$(SDKROOT)/Developer/Library/Frameworks",
					"$(inherited)",
					"$(DEVELOPER_FRAMEWORKS_DIR)",
				);
				GCC_PRECOMPILE_PREFIX_HEADER = YES;
				GCC_PREFIX_HEADER = "08-控制器的生命周期/08-控制器的生命周期-Prefix.pch";
				GCC_PREPROCESSOR_DEFINITIONS = (
					"DEBUG=1",
					"$(inherited)",
				);
				INFOPLIST_FILE = "08-控制器的生命周期Tests/08-控制器的生命周期Tests-Info.plist";
				PRODUCT_NAME = "$(TARGET_NAME)";
				TEST_HOST = "$(BUNDLE_LOADER)";
				WRAPPER_EXTENSION = xctest;
			};
			name = Debug;
		};
		08280AE718F3EB260039DF84 /* Release */ = {
			isa = XCBuildConfiguration;
			buildSettings = {
				BUNDLE_LOADER = "$(BUILT_PRODUCTS_DIR)/08-控制器的生命周期.app/08-控制器的生命周期";
				FRAMEWORK_SEARCH_PATHS = (
					"$(SDKROOT)/Developer/Library/Frameworks",
					"$(inherited)",
					"$(DEVELOPER_FRAMEWORKS_DIR)",
				);
				GCC_PRECOMPILE_PREFIX_HEADER = YES;
				GCC_PREFIX_HEADER = "08-控制器的生命周期/08-控制器的生命周期-Prefix.pch";
				INFOPLIST_FILE = "08-控制器的生命周期Tests/08-控制器的生命周期Tests-Info.plist";
				PRODUCT_NAME = "$(TARGET_NAME)";
				TEST_HOST = "$(BUNDLE_LOADER)";
				WRAPPER_EXTENSION = xctest;
			};
			name = Release;
		};
/* End XCBuildConfiguration section */

/* Begin XCConfigurationList section */
		08280AAB18F3EB260039DF84 /* Build configuration list for PBXProject "08-控制器的生命周期" */ = {
			isa = XCConfigurationList;
			buildConfigurations = (
				08280AE018F3EB260039DF84 /* Debug */,
				08280AE118F3EB260039DF84 /* Release */,
			);
			defaultConfigurationIsVisible = 0;
			defaultConfigurationName = Release;
		};
		08280AE218F3EB260039DF84 /* Build configuration list for PBXNativeTarget "08-控制器的生命周期" */ = {
			isa = XCConfigurationList;
			buildConfigurations = (
				08280AE318F3EB260039DF84 /* Debug */,
				08280AE418F3EB260039DF84 /* Release */,
			);
			defaultConfigurationIsVisible = 0;
		};
		08280AE518F3EB260039DF84 /* Build configuration list for PBXNativeTarget "08-控制器的生命周期Tests" */ = {
			isa = XCConfigurationList;
			buildConfigurations = (
				08280AE618F3EB260039DF84 /* Debug */,
				08280AE718F3EB260039DF84 /* Release */,
			);
			defaultConfigurationIsVisible = 0;
		};
/* End XCConfigurationList section */
	};
	rootObject = 08280AA818F3EB260039DF84 /* Project object */;
}
