// !$*UTF8*$!
{
	archiveVersion = 1;
	classes = {
	};
	objectVersion = 46;
	objects = {

/* Begin PBXBuildFile section */
		085E279818FA7E77000F55ED /* Foundation.framework in Frameworks */ = {isa = PBXBuildFile; fileRef = 085E279718FA7E77000F55ED /* Foundation.framework */; };
		085E279A18FA7E77000F55ED /* CoreGraphics.framework in Frameworks */ = {isa = PBXBuildFile; fileRef = 085E279918FA7E77000F55ED /* CoreGraphics.framework */; };
		085E279C18FA7E77000F55ED /* UIKit.framework in Frameworks */ = {isa = PBXBuildFile; fileRef = 085E279B18FA7E77000F55ED /* UIKit.framework */; };
		085E27A218FA7E77000F55ED /* InfoPlist.strings in Resources */ = {isa = PBXBuildFile; fileRef = 085E27A018FA7E77000F55ED /* InfoPlist.strings */; };
		085E27A418FA7E77000F55ED /* main.m in Sources */ = {isa = PBXBuildFile; fileRef = 085E27A318FA7E77000F55ED /* main.m */; };
		085E27A818FA7E77000F55ED /* MJAppDelegate.m in Sources */ = {isa = PBXBuildFile; fileRef = 085E27A718FA7E77000F55ED /* MJAppDelegate.m */; };
		085E27AB18FA7E77000F55ED /* Main.storyboard in Resources */ = {isa = PBXBuildFile; fileRef = 085E27A918FA7E77000F55ED /* Main.storyboard */; };
		085E27AE18FA7E77000F55ED /* MJViewController.m in Sources */ = {isa = PBXBuildFile; fileRef = 085E27AD18FA7E77000F55ED /* MJViewController.m */; };
		085E27B018FA7E77000F55ED /* Images.xcassets in Resources */ = {isa = PBXBuildFile; fileRef = 085E27AF18FA7E77000F55ED /* Images.xcassets */; };
		085E27B718FA7E77000F55ED /* XCTest.framework in Frameworks */ = {isa = PBXBuildFile; fileRef = 085E27B618FA7E77000F55ED /* XCTest.framework */; };
		085E27B818FA7E77000F55ED /* Foundation.framework in Frameworks */ = {isa = PBXBuildFile; fileRef = 085E279718FA7E77000F55ED /* Foundation.framework */; };
		085E27B918FA7E77000F55ED /* UIKit.framework in Frameworks */ = {isa = PBXBuildFile; fileRef = 085E279B18FA7E77000F55ED /* UIKit.framework */; };
		085E27C118FA7E77000F55ED /* InfoPlist.strings in Resources */ = {isa = PBXBuildFile; fileRef = 085E27BF18FA7E77000F55ED /* InfoPlist.strings */; };
		085E27C318FA7E77000F55ED /* _7___Tests.m in Sources */ = {isa = PBXBuildFile; fileRef = 085E27C218FA7E77000F55ED /* _7___Tests.m */; };
		085E27CD18FA7EC6000F55ED /* snow.jpg in Resources */ = {isa = PBXBuildFile; fileRef = 085E27CC18FA7EC6000F55ED /* snow.jpg */; };
		085E27D018FA7ED4000F55ED /* MSnowView.m in Sources */ = {isa = PBXBuildFile; fileRef = 085E27CF18FA7ED4000F55ED /* MSnowView.m */; };
/* End PBXBuildFile section */

/* Begin PBXContainerItemProxy section */
		085E27BA18FA7E77000F55ED /* PBXContainerItemProxy */ = {
			isa = PBXContainerItemProxy;
			containerPortal = 085E278C18FA7E77000F55ED /* Project object */;
			proxyType = 1;
			remoteGlobalIDString = 085E279318FA7E77000F55ED;
			remoteInfo = "07-动画";
		};
/* End PBXContainerItemProxy section */

/* Begin PBXFileReference section */
		085E279418FA7E77000F55ED /* 07-动画.app */ = {isa = PBXFileReference; explicitFileType = wrapper.application; includeInIndex = 0; path = "07-动画.app"; sourceTree = BUILT_PRODUCTS_DIR; };
		085E279718FA7E77000F55ED /* Foundation.framework */ = {isa = PBXFileReference; lastKnownFileType = wrapper.framework; name = Foundation.framework; path = System/Library/Frameworks/Foundation.framework; sourceTree = SDKROOT; };
		085E279918FA7E77000F55ED /* CoreGraphics.framework */ = {isa = PBXFileReference; lastKnownFileType = wrapper.framework; name = CoreGraphics.framework; path = System/Library/Frameworks/CoreGraphics.framework; sourceTree = SDKROOT; };
		085E279B18FA7E77000F55ED /* UIKit.framework */ = {isa = PBXFileReference; lastKnownFileType = wrapper.framework; name = UIKit.framework; path = System/Library/Frameworks/UIKit.framework; sourceTree = SDKROOT; };
		085E279F18FA7E77000F55ED /* 07-动画-Info.plist */ = {isa = PBXFileReference; lastKnownFileType = text.plist.xml; path = "07-动画-Info.plist"; sourceTree = "<group>"; };
		085E27A118FA7E77000F55ED /* en */ = {isa = PBXFileReference; lastKnownFileType = text.plist.strings; name = en; path = en.lproj/InfoPlist.strings; sourceTree = "<group>"; };
		085E27A318FA7E77000F55ED /* main.m */ = {isa = PBXFileReference; lastKnownFileType = sourcecode.c.objc; path = main.m; sourceTree = "<group>"; };
		085E27A518FA7E77000F55ED /* 07-动画-Prefix.pch */ = {isa = PBXFileReference; lastKnownFileType = sourcecode.c.h; path = "07-动画-Prefix.pch"; sourceTree = "<group>"; };
		085E27A618FA7E77000F55ED /* MJAppDelegate.h */ = {isa = PBXFileReference; lastKnownFileType = sourcecode.c.h; path = MJAppDelegate.h; sourceTree = "<group>"; };
		085E27A718FA7E77000F55ED /* MJAppDelegate.m */ = {isa = PBXFileReference; lastKnownFileType = sourcecode.c.objc; path = MJAppDelegate.m; sourceTree = "<group>"; };
		085E27AA18FA7E77000F55ED /* Base */ = {isa = PBXFileReference; lastKnownFileType = file.storyboard; name = Base; path = Base.lproj/Main.storyboard; sourceTree = "<group>"; };
		085E27AC18FA7E77000F55ED /* MJViewController.h */ = {isa = PBXFileReference; lastKnownFileType = sourcecode.c.h; path = MJViewController.h; sourceTree = "<group>"; };
		085E27AD18FA7E77000F55ED /* MJViewController.m */ = {isa = PBXFileReference; lastKnownFileType = sourcecode.c.objc; path = MJViewController.m; sourceTree = "<group>"; };
		085E27AF18FA7E77000F55ED /* Images.xcassets */ = {isa = PBXFileReference; lastKnownFileType = folder.assetcatalog; path = Images.xcassets; sourceTree = "<group>"; };
		085E27B518FA7E77000F55ED /* 07-动画Tests.xctest */ = {isa = PBXFileReference; explicitFileType = wrapper.cfbundle; includeInIndex = 0; path = "07-动画Tests.xctest"; sourceTree = BUILT_PRODUCTS_DIR; };
		085E27B618FA7E77000F55ED /* XCTest.framework */ = {isa = PBXFileReference; lastKnownFileType = wrapper.framework; name = XCTest.framework; path = Library/Frameworks/XCTest.framework; sourceTree = DEVELOPER_DIR; };
		085E27BE18FA7E77000F55ED /* 07-动画Tests-Info.plist */ = {isa = PBXFileReference; lastKnownFileType = text.plist.xml; path = "07-动画Tests-Info.plist"; sourceTree = "<group>"; };
		085E27C018FA7E77000F55ED /* en */ = {isa = PBXFileReference; lastKnownFileType = text.plist.strings; name = en; path = en.lproj/InfoPlist.strings; sourceTree = "<group>"; };
		085E27C218FA7E77000F55ED /* _7___Tests.m */ = {isa = PBXFileReference; lastKnownFileType = sourcecode.c.objc; path = "_7___Tests.m"; sourceTree = "<group>"; };
		085E27CC18FA7EC6000F55ED /* snow.jpg */ = {isa = PBXFileReference; lastKnownFileType = image.jpeg; path = snow.jpg; sourceTree = "<group>"; };
		085E27CE18FA7ED4000F55ED /* MSnowView.h */ = {isa = PBXFileReference; fileEncoding = 4; lastKnownFileType = sourcecode.c.h; path = MSnowView.h; sourceTree = "<group>"; };
		085E27CF18FA7ED4000F55ED /* MSnowView.m */ = {isa = PBXFileReference; fileEncoding = 4; lastKnownFileType = sourcecode.c.objc; path = MSnowView.m; sourceTree = "<group>"; };
/* End PBXFileReference section */

/* Begin PBXFrameworksBuildPhase section */
		085E279118FA7E77000F55ED /* Frameworks */ = {
			isa = PBXFrameworksBuildPhase;
			buildActionMask = 2147483647;
			files = (
				085E279A18FA7E77000F55ED /* CoreGraphics.framework in Frameworks */,
				085E279C18FA7E77000F55ED /* UIKit.framework in Frameworks */,
				085E279818FA7E77000F55ED /* Foundation.framework in Frameworks */,
			);
			runOnlyForDeploymentPostprocessing = 0;
		};
		085E27B218FA7E77000F55ED /* Frameworks */ = {
			isa = PBXFrameworksBuildPhase;
			buildActionMask = 2147483647;
			files = (
				085E27B718FA7E77000F55ED /* XCTest.framework in Frameworks */,
				085E27B918FA7E77000F55ED /* UIKit.framework in Frameworks */,
				085E27B818FA7E77000F55ED /* Foundation.framework in Frameworks */,
			);
			runOnlyForDeploymentPostprocessing = 0;
		};
/* End PBXFrameworksBuildPhase section */

/* Begin PBXGroup section */
		085E278B18FA7E77000F55ED = {
			isa = PBXGroup;
			children = (
				085E279D18FA7E77000F55ED /* 07-动画 */,
				085E27BC18FA7E77000F55ED /* 07-动画Tests */,
				085E279618FA7E77000F55ED /* Frameworks */,
				085E279518FA7E77000F55ED /* Products */,
			);
			sourceTree = "<group>";
		};
		085E279518FA7E77000F55ED /* Products */ = {
			isa = PBXGroup;
			children = (
				085E279418FA7E77000F55ED /* 07-动画.app */,
				085E27B518FA7E77000F55ED /* 07-动画Tests.xctest */,
			);
			name = Products;
			sourceTree = "<group>";
		};
		085E279618FA7E77000F55ED /* Frameworks */ = {
			isa = PBXGroup;
			children = (
				085E279718FA7E77000F55ED /* Foundation.framework */,
				085E279918FA7E77000F55ED /* CoreGraphics.framework */,
				085E279B18FA7E77000F55ED /* UIKit.framework */,
				085E27B618FA7E77000F55ED /* XCTest.framework */,
			);
			name = Frameworks;
			sourceTree = "<group>";
		};
		085E279D18FA7E77000F55ED /* 07-动画 */ = {
			isa = PBXGroup;
			children = (
				085E27A618FA7E77000F55ED /* MJAppDelegate.h */,
				085E27A718FA7E77000F55ED /* MJAppDelegate.m */,
				085E27A918FA7E77000F55ED /* Main.storyboard */,
				085E27AC18FA7E77000F55ED /* MJViewController.h */,
				085E27AD18FA7E77000F55ED /* MJViewController.m */,
				085E27AF18FA7E77000F55ED /* Images.xcassets */,
				085E279E18FA7E77000F55ED /* Supporting Files */,
				085E27CE18FA7ED4000F55ED /* MSnowView.h */,
				085E27CF18FA7ED4000F55ED /* MSnowView.m */,
			);
			path = "07-动画";
			sourceTree = "<group>";
		};
		085E279E18FA7E77000F55ED /* Supporting Files */ = {
			isa = PBXGroup;
			children = (
				085E27CC18FA7EC6000F55ED /* snow.jpg */,
				085E279F18FA7E77000F55ED /* 07-动画-Info.plist */,
				085E27A018FA7E77000F55ED /* InfoPlist.strings */,
				085E27A318FA7E77000F55ED /* main.m */,
				085E27A518FA7E77000F55ED /* 07-动画-Prefix.pch */,
			);
			name = "Supporting Files";
			sourceTree = "<group>";
		};
		085E27BC18FA7E77000F55ED /* 07-动画Tests */ = {
			isa = PBXGroup;
			children = (
				085E27C218FA7E77000F55ED /* _7___Tests.m */,
				085E27BD18FA7E77000F55ED /* Supporting Files */,
			);
			path = "07-动画Tests";
			sourceTree = "<group>";
		};
		085E27BD18FA7E77000F55ED /* Supporting Files */ = {
			isa = PBXGroup;
			children = (
				085E27BE18FA7E77000F55ED /* 07-动画Tests-Info.plist */,
				085E27BF18FA7E77000F55ED /* InfoPlist.strings */,
			);
			name = "Supporting Files";
			sourceTree = "<group>";
		};
/* End PBXGroup section */

/* Begin PBXNativeTarget section */
		085E279318FA7E77000F55ED /* 07-动画 */ = {
			isa = PBXNativeTarget;
			buildConfigurationList = 085E27C618FA7E77000F55ED /* Build configuration list for PBXNativeTarget "07-动画" */;
			buildPhases = (
				085E279018FA7E77000F55ED /* Sources */,
				085E279118FA7E77000F55ED /* Frameworks */,
				085E279218FA7E77000F55ED /* Resources */,
			);
			buildRules = (
			);
			dependencies = (
			);
			name = "07-动画";
			productName = "07-动画";
			productReference = 085E279418FA7E77000F55ED /* 07-动画.app */;
			productType = "com.apple.product-type.application";
		};
		085E27B418FA7E77000F55ED /* 07-动画Tests */ = {
			isa = PBXNativeTarget;
			buildConfigurationList = 085E27C918FA7E77000F55ED /* Build configuration list for PBXNativeTarget "07-动画Tests" */;
			buildPhases = (
				085E27B118FA7E77000F55ED /* Sources */,
				085E27B218FA7E77000F55ED /* Frameworks */,
				085E27B318FA7E77000F55ED /* Resources */,
			);
			buildRules = (
			);
			dependencies = (
				085E27BB18FA7E77000F55ED /* PBXTargetDependency */,
			);
			name = "07-动画Tests";
			productName = "07-动画Tests";
			productReference = 085E27B518FA7E77000F55ED /* 07-动画Tests.xctest */;
			productType = "com.apple.product-type.bundle.unit-test";
		};
/* End PBXNativeTarget section */

/* Begin PBXProject section */
		085E278C18FA7E77000F55ED /* Project object */ = {
			isa = PBXProject;
			attributes = {
				CLASSPREFIX = MJ;
				LastUpgradeCheck = 0510;
				ORGANIZATIONNAME = itcast;
				TargetAttributes = {
					085E27B418FA7E77000F55ED = {
						TestTargetID = 085E279318FA7E77000F55ED;
					};
				};
			};
			buildConfigurationList = 085E278F18FA7E77000F55ED /* Build configuration list for PBXProject "07-动画" */;
			compatibilityVersion = "Xcode 3.2";
			developmentRegion = English;
			hasScannedForEncodings = 0;
			knownRegions = (
				en,
				Base,
			);
			mainGroup = 085E278B18FA7E77000F55ED;
			productRefGroup = 085E279518FA7E77000F55ED /* Products */;
			projectDirPath = "";
			projectRoot = "";
			targets = (
				085E279318FA7E77000F55ED /* 07-动画 */,
				085E27B418FA7E77000F55ED /* 07-动画Tests */,
			);
		};
/* End PBXProject section */

/* Begin PBXResourcesBuildPhase section */
		085E279218FA7E77000F55ED /* Resources */ = {
			isa = PBXResourcesBuildPhase;
			buildActionMask = 2147483647;
			files = (
				085E27B018FA7E77000F55ED /* Images.xcassets in Resources */,
				085E27A218FA7E77000F55ED /* InfoPlist.strings in Resources */,
				085E27CD18FA7EC6000F55ED /* snow.jpg in Resources */,
				085E27AB18FA7E77000F55ED /* Main.storyboard in Resources */,
			);
			runOnlyForDeploymentPostprocessing = 0;
		};
		085E27B318FA7E77000F55ED /* Resources */ = {
			isa = PBXResourcesBuildPhase;
			buildActionMask = 2147483647;
			files = (
				085E27C118FA7E77000F55ED /* InfoPlist.strings in Resources */,
			);
			runOnlyForDeploymentPostprocessing = 0;
		};
/* End PBXResourcesBuildPhase section */

/* Begin PBXSourcesBuildPhase section */
		085E279018FA7E77000F55ED /* Sources */ = {
			isa = PBXSourcesBuildPhase;
			buildActionMask = 2147483647;
			files = (
				085E27A418FA7E77000F55ED /* main.m in Sources */,
				085E27D018FA7ED4000F55ED /* MSnowView.m in Sources */,
				085E27AE18FA7E77000F55ED /* MJViewController.m in Sources */,
				085E27A818FA7E77000F55ED /* MJAppDelegate.m in Sources */,
			);
			runOnlyForDeploymentPostprocessing = 0;
		};
		085E27B118FA7E77000F55ED /* Sources */ = {
			isa = PBXSourcesBuildPhase;
			buildActionMask = 2147483647;
			files = (
				085E27C318FA7E77000F55ED /* _7___Tests.m in Sources */,
			);
			runOnlyForDeploymentPostprocessing = 0;
		};
/* End PBXSourcesBuildPhase section */

/* Begin PBXTargetDependency section */
		085E27BB18FA7E77000F55ED /* PBXTargetDependency */ = {
			isa = PBXTargetDependency;
			target = 085E279318FA7E77000F55ED /* 07-动画 */;
			targetProxy = 085E27BA18FA7E77000F55ED /* PBXContainerItemProxy */;
		};
/* End PBXTargetDependency section */

/* Begin PBXVariantGroup section */
		085E27A018FA7E77000F55ED /* InfoPlist.strings */ = {
			isa = PBXVariantGroup;
			children = (
				085E27A118FA7E77000F55ED /* en */,
			);
			name = InfoPlist.strings;
			sourceTree = "<group>";
		};
		085E27A918FA7E77000F55ED /* Main.storyboard */ = {
			isa = PBXVariantGroup;
			children = (
				085E27AA18FA7E77000F55ED /* Base */,
			);
			name = Main.storyboard;
			sourceTree = "<group>";
		};
		085E27BF18FA7E77000F55ED /* InfoPlist.strings */ = {
			isa = PBXVariantGroup;
			children = (
				085E27C018FA7E77000F55ED /* en */,
			);
			name = InfoPlist.strings;
			sourceTree = "<group>";
		};
/* End PBXVariantGroup section */

/* Begin XCBuildConfiguration section */
		085E27C418FA7E77000F55ED /* Debug */ = {
			isa = XCBuildConfiguration;
			buildSettings = {
				ALWAYS_SEARCH_USER_PATHS = NO;
				CLANG_CXX_LANGUAGE_STANDARD = "gnu++0x";
				CLANG_CXX_LIBRARY = "libc++";
				CLANG_ENABLE_MODULES = YES;
				CLANG_ENABLE_OBJC_ARC = YES;
				CLANG_WARN_BOOL_CONVERSION = YES;
				CLANG_WARN_CONSTANT_CONVERSION = YES;
				CLANG_WARN_DIRECT_OBJC_ISA_USAGE = YES_ERROR;
				CLANG_WARN_EMPTY_BODY = YES;
				CLANG_WARN_ENUM_CONVERSION = YES;
				CLANG_WARN_INT_CONVERSION = YES;
				CLANG_WARN_OBJC_ROOT_CLASS = YES_ERROR;
				CLANG_WARN__DUPLICATE_METHOD_MATCH = YES;
				"CODE_SIGN_IDENTITY[sdk=iphoneos*]" = "iPhone Developer";
				COPY_PHASE_STRIP = NO;
				GCC_C_LANGUAGE_STANDARD = gnu99;
				GCC_DYNAMIC_NO_PIC = NO;
				GCC_OPTIMIZATION_LEVEL = 0;
				GCC_PREPROCESSOR_DEFINITIONS = (
					"DEBUG=1",
					"$(inherited)",
				);
				GCC_SYMBOLS_PRIVATE_EXTERN = NO;
				GCC_WARN_64_TO_32_BIT_CONVERSION = YES;
				GCC_WARN_ABOUT_RETURN_TYPE = YES_ERROR;
				GCC_WARN_UNDECLARED_SELECTOR = YES;
				GCC_WARN_UNINITIALIZED_AUTOS = YES_AGGRESSIVE;
				GCC_WARN_UNUSED_FUNCTION = YES;
				GCC_WARN_UNUSED_VARIABLE = YES;
				IPHONEOS_DEPLOYMENT_TARGET = 7.1;
				ONLY_ACTIVE_ARCH = YES;
				SDKROOT = iphoneos;
			};
			name = Debug;
		};
		085E27C518FA7E77000F55ED /* Release */ = {
			isa = XCBuildConfiguration;
			buildSettings = {
				ALWAYS_SEARCH_USER_PATHS = NO;
				CLANG_CXX_LANGUAGE_STANDARD = "gnu++0x";
				CLANG_CXX_LIBRARY = "libc++";
				CLANG_ENABLE_MODULES = YES;
				CLANG_ENABLE_OBJC_ARC = YES;
				CLANG_WARN_BOOL_CONVERSION = YES;
				CLANG_WARN_CONSTANT_CONVERSION = YES;
				CLANG_WARN_DIRECT_OBJC_ISA_USAGE = YES_ERROR;
				CLANG_WARN_EMPTY_BODY = YES;
				CLANG_WARN_ENUM_CONVERSION = YES;
				CLANG_WARN_INT_CONVERSION = YES;
				CLANG_WARN_OBJC_ROOT_CLASS = YES_ERROR;
				CLANG_WARN__DUPLICATE_METHOD_MATCH = YES;
				"CODE_SIGN_IDENTITY[sdk=iphoneos*]" = "iPhone Developer";
				COPY_PHASE_STRIP = YES;
				ENABLE_NS_ASSERTIONS = NO;
				GCC_C_LANGUAGE_STANDARD = gnu99;
				GCC_WARN_64_TO_32_BIT_CONVERSION = YES;
				GCC_WARN_ABOUT_RETURN_TYPE = YES_ERROR;
				GCC_WARN_UNDECLARED_SELECTOR = YES;
				GCC_WARN_UNINITIALIZED_AUTOS = YES_AGGRESSIVE;
				GCC_WARN_UNUSED_FUNCTION = YES;
				GCC_WARN_UNUSED_VARIABLE = YES;
				IPHONEOS_DEPLOYMENT_TARGET = 7.1;
				SDKROOT = iphoneos;
				VALIDATE_PRODUCT = YES;
			};
			name = Release;
		};
		085E27C718FA7E77000F55ED /* Debug */ = {
			isa = XCBuildConfiguration;
			buildSettings = {
				ASSETCATALOG_COMPILER_APPICON_NAME = AppIcon;
				ASSETCATALOG_COMPILER_LAUNCHIMAGE_NAME = LaunchImage;
				GCC_PRECOMPILE_PREFIX_HEADER = YES;
				GCC_PREFIX_HEADER = "07-动画/07-动画-Prefix.pch";
				INFOPLIST_FILE = "07-动画/07-动画-Info.plist";
				PRODUCT_NAME = "$(TARGET_NAME)";
				WRAPPER_EXTENSION = app;
			};
			name = Debug;
		};
		085E27C818FA7E77000F55ED /* Release */ = {
			isa = XCBuildConfiguration;
			buildSettings = {
				ASSETCATALOG_COMPILER_APPICON_NAME = AppIcon;
				ASSETCATALOG_COMPILER_LAUNCHIMAGE_NAME = LaunchImage;
				GCC_PRECOMPILE_PREFIX_HEADER = YES;
				GCC_PREFIX_HEADER = "07-动画/07-动画-Prefix.pch";
				INFOPLIST_FILE = "07-动画/07-动画-Info.plist";
				PRODUCT_NAME = "$(TARGET_NAME)";
				WRAPPER_EXTENSION = app;
			};
			name = Release;
		};
		085E27CA18FA7E77000F55ED /* Debug */ = {
			isa = XCBuildConfiguration;
			buildSettings = {
				BUNDLE_LOADER = "$(BUILT_PRODUCTS_DIR)/07-动画.app/07-动画";
				FRAMEWORK_SEARCH_PATHS = (
					"$(SDKROOT)/Developer/Library/Frameworks",
					"$(inherited)",
					"$(DEVELOPER_FRAMEWORKS_DIR)",
				);
				GCC_PRECOMPILE_PREFIX_HEADER = YES;
				GCC_PREFIX_HEADER = "07-动画/07-动画-Prefix.pch";
				GCC_PREPROCESSOR_DEFINITIONS = (
					"DEBUG=1",
					"$(inherited)",
				);
				INFOPLIST_FILE = "07-动画Tests/07-动画Tests-Info.plist";
				PRODUCT_NAME = "$(TARGET_NAME)";
				TEST_HOST = "$(BUNDLE_LOADER)";
				WRAPPER_EXTENSION = xctest;
			};
			name = Debug;
		};
		085E27CB18FA7E77000F55ED /* Release */ = {
			isa = XCBuildConfiguration;
			buildSettings = {
				BUNDLE_LOADER = "$(BUILT_PRODUCTS_DIR)/07-动画.app/07-动画";
				FRAMEWORK_SEARCH_PATHS = (
					"$(SDKROOT)/Developer/Library/Frameworks",
					"$(inherited)",
					"$(DEVELOPER_FRAMEWORKS_DIR)",
				);
				GCC_PRECOMPILE_PREFIX_HEADER = YES;
				GCC_PREFIX_HEADER = "07-动画/07-动画-Prefix.pch";
				INFOPLIST_FILE = "07-动画Tests/07-动画Tests-Info.plist";
				PRODUCT_NAME = "$(TARGET_NAME)";
				TEST_HOST = "$(BUNDLE_LOADER)";
				WRAPPER_EXTENSION = xctest;
			};
			name = Release;
		};
/* End XCBuildConfiguration section */

/* Begin XCConfigurationList section */
		085E278F18FA7E77000F55ED /* Build configuration list for PBXProject "07-动画" */ = {
			isa = XCConfigurationList;
			buildConfigurations = (
				085E27C418FA7E77000F55ED /* Debug */,
				085E27C518FA7E77000F55ED /* Release */,
			);
			defaultConfigurationIsVisible = 0;
			defaultConfigurationName = Release;
		};
		085E27C618FA7E77000F55ED /* Build configuration list for PBXNativeTarget "07-动画" */ = {
			isa = XCConfigurationList;
			buildConfigurations = (
				085E27C718FA7E77000F55ED /* Debug */,
				085E27C818FA7E77000F55ED /* Release */,
			);
			defaultConfigurationIsVisible = 0;
		};
		085E27C918FA7E77000F55ED /* Build configuration list for PBXNativeTarget "07-动画Tests" */ = {
			isa = XCConfigurationList;
			buildConfigurations = (
				085E27CA18FA7E77000F55ED /* Debug */,
				085E27CB18FA7E77000F55ED /* Release */,
			);
			defaultConfigurationIsVisible = 0;
		};
/* End XCConfigurationList section */
	};
	rootObject = 085E278C18FA7E77000F55ED /* Project object */;
}
